
Microsoft Visual Studio Solution File, Format Version 12.00
# Visual Studio Version 16
VisualStudioVersion = 16.0.30413.136
MinimumVisualStudioVersion = 10.0.40219.1
Project("{9A19103F-16F7-4668-BE54-9A1E7A4F7556}") = "WebJobsStartupTests", "WebJobsStartupTests\WebJobsStartupTests.csproj", "{EB7FC98C-1EF9-40E3-B7B2-858AA2547B1F}"
EndProject
Project("{FAE04EC0-301F-11D3-BF4B-00C04F79EFBC}") = "AssemblyLoadContextRace", "AssemblyLoadContextRace\AssemblyLoadContextRace.csproj", "{1E882F3E-E1D1-4D56-A575-8530596705C3}"
EndProject
Global
	GlobalSection(SolutionConfigurationPlatforms) = preSolution
		Debug|Any CPU = Debug|Any CPU
		Release|Any CPU = Release|Any CPU
	EndGlobalSection
	GlobalSection(ProjectConfigurationPlatforms) = postSolution
		{EB7FC98C-1EF9-40E3-B7B2-858AA2547B1F}.Debug|Any CPU.ActiveCfg = Debug|Any CPU
		{EB7FC98C-1EF9-40E3-B7B2-858AA2547B1F}.Debug|Any CPU.Build.0 = Debug|Any CPU
		{EB7FC98C-1EF9-40E3-B7B2-858AA2547B1F}.Release|Any CPU.ActiveCfg = Release|Any CPU
		{EB7FC98C-1EF9-40E3-B7B2-858AA2547B1F}.Release|Any CPU.Build.0 = Release|Any CPU
		{1E882F3E-E1D1-4D56-A575-8530596705C3}.Debug|Any CPU.ActiveCfg = Debug|Any CPU
		{1E882F3E-E1D1-4D56-A575-8530596705C3}.Debug|Any CPU.Build.0 = Debug|Any CPU
		{1E882F3E-E1D1-4D56-A575-8530596705C3}.Release|Any CPU.ActiveCfg = Release|Any CPU
		{1E882F3E-E1D1-4D56-A575-8530596705C3}.Release|Any CPU.Build.0 = Release|Any CPU
	EndGlobalSection
	GlobalSection(SolutionProperties) = preSolution
		HideSolutionNode = FALSE
	EndGlobalSection
	GlobalSection(ExtensibilityGlobals) = postSolution
		SolutionGuid = {61422CE7-BD7A-46C1-9589-6ED6EE3AB8BC}
	EndGlobalSection
EndGlobal
