
Microsoft Visual Studio Solution File, Format Version 12.00
# Visual Studio Version 17
VisualStudioVersion = 17.1.32210.238
MinimumVisualStudioVersion = 10.0.40219.1
Project("{9A19103F-16F7-4668-BE54-9A1E7A4F7556}") = "WebJobsStartupTests", "WebJobsStartupTests\WebJobsStartupTests.csproj", "{EB7FC98C-1EF9-40E3-B7B2-858AA2547B1F}"
EndProject
Project("{9A19103F-16F7-4668-BE54-9A1E7A4F7556}") = "AssemblyLoadContextRace", "AssemblyLoadContextRace\AssemblyLoadContextRace.csproj", "{1E882F3E-E1D1-4D56-A575-8530596705C3}"
EndProject
Project("{9A19103F-16F7-4668-BE54-9A1E7A4F7556}") = "NativeDependencyNoRuntimes", "NativeDependencyNoRuntimes\NativeDependencyNoRuntimes.csproj", "{928B573E-904B-4733-86A2-6CDBF78D24AA}"
EndProject
Project("{9A19103F-16F7-4668-BE54-9A1E7A4F7556}") = "MultipleDependencyVersions", "MultipleDependencyVersions\MultipleDependencyVersions.csproj", "{D0AF8295-7CBF-45EB-914F-7105A9F53B69}"
EndProject
Project("{2150E333-8FDC-42A3-9474-1A3956D46DE8}") = "Dependencies", "Dependencies", "{297CEDAC-BB8E-4875-A3FF-7BA7A4916E73}"
EndProject
Project("{9A19103F-16F7-4668-BE54-9A1E7A4F7556}") = "Dependency55", "DependencyA\Dependency55.csproj", "{BC456A9E-D140-4B1A-84D9-AB82556F5881}"
EndProject
Project("{9A19103F-16F7-4668-BE54-9A1E7A4F7556}") = "Dependency56", "Dependency56\Dependency56.csproj", "{B3B098F6-B2B8-4219-AA52-29F55427496A}"
EndProject
Project("{9A19103F-16F7-4668-BE54-9A1E7A4F7556}") = "ReferenceOlderRuntimeAssembly", "ReferenceOlderRuntimeAssembly\ReferenceOlderRuntimeAssembly.csproj", "{C3E99727-F4A3-47D9-9DF6-8EE85AE0C29A}"
EndProject
Global
	GlobalSection(SolutionConfigurationPlatforms) = preSolution
		Debug|Any CPU = Debug|Any CPU
		Release|Any CPU = Release|Any CPU
	EndGlobalSection
	GlobalSection(ProjectConfigurationPlatforms) = postSolution
		{EB7FC98C-1EF9-40E3-B7B2-858AA2547B1F}.Debug|Any CPU.ActiveCfg = Debug|Any CPU
		{EB7FC98C-1EF9-40E3-B7B2-858AA2547B1F}.Debug|Any CPU.Build.0 = Debug|Any CPU
		{EB7FC98C-1EF9-40E3-B7B2-858AA2547B1F}.Release|Any CPU.ActiveCfg = Release|Any CPU
		{EB7FC98C-1EF9-40E3-B7B2-858AA2547B1F}.Release|Any CPU.Build.0 = Release|Any CPU
		{1E882F3E-E1D1-4D56-A575-8530596705C3}.Debug|Any CPU.ActiveCfg = Debug|Any CPU
		{1E882F3E-E1D1-4D56-A575-8530596705C3}.Debug|Any CPU.Build.0 = Debug|Any CPU
		{1E882F3E-E1D1-4D56-A575-8530596705C3}.Release|Any CPU.ActiveCfg = Release|Any CPU
		{1E882F3E-E1D1-4D56-A575-8530596705C3}.Release|Any CPU.Build.0 = Release|Any CPU
		{928B573E-904B-4733-86A2-6CDBF78D24AA}.Debug|Any CPU.ActiveCfg = Debug|Any CPU
		{928B573E-904B-4733-86A2-6CDBF78D24AA}.Debug|Any CPU.Build.0 = Debug|Any CPU
		{928B573E-904B-4733-86A2-6CDBF78D24AA}.Release|Any CPU.ActiveCfg = Release|Any CPU
		{928B573E-904B-4733-86A2-6CDBF78D24AA}.Release|Any CPU.Build.0 = Release|Any CPU
		{D0AF8295-7CBF-45EB-914F-7105A9F53B69}.Debug|Any CPU.ActiveCfg = Debug|Any CPU
		{D0AF8295-7CBF-45EB-914F-7105A9F53B69}.Debug|Any CPU.Build.0 = Debug|Any CPU
		{D0AF8295-7CBF-45EB-914F-7105A9F53B69}.Release|Any CPU.ActiveCfg = Release|Any CPU
		{D0AF8295-7CBF-45EB-914F-7105A9F53B69}.Release|Any CPU.Build.0 = Release|Any CPU
		{BC456A9E-D140-4B1A-84D9-AB82556F5881}.Debug|Any CPU.ActiveCfg = Debug|Any CPU
		{BC456A9E-D140-4B1A-84D9-AB82556F5881}.Debug|Any CPU.Build.0 = Debug|Any CPU
		{BC456A9E-D140-4B1A-84D9-AB82556F5881}.Release|Any CPU.ActiveCfg = Release|Any CPU
		{BC456A9E-D140-4B1A-84D9-AB82556F5881}.Release|Any CPU.Build.0 = Release|Any CPU
		{B3B098F6-B2B8-4219-AA52-29F55427496A}.Debug|Any CPU.ActiveCfg = Debug|Any CPU
		{B3B098F6-B2B8-4219-AA52-29F55427496A}.Debug|Any CPU.Build.0 = Debug|Any CPU
		{B3B098F6-B2B8-4219-AA52-29F55427496A}.Release|Any CPU.ActiveCfg = Release|Any CPU
		{B3B098F6-B2B8-4219-AA52-29F55427496A}.Release|Any CPU.Build.0 = Release|Any CPU
		{C3E99727-F4A3-47D9-9DF6-8EE85AE0C29A}.Debug|Any CPU.ActiveCfg = Debug|Any CPU
		{C3E99727-F4A3-47D9-9DF6-8EE85AE0C29A}.Debug|Any CPU.Build.0 = Debug|Any CPU
		{C3E99727-F4A3-47D9-9DF6-8EE85AE0C29A}.Release|Any CPU.ActiveCfg = Release|Any CPU
		{C3E99727-F4A3-47D9-9DF6-8EE85AE0C29A}.Release|Any CPU.Build.0 = Release|Any CPU
	EndGlobalSection
	GlobalSection(SolutionProperties) = preSolution
		HideSolutionNode = FALSE
	EndGlobalSection
	GlobalSection(NestedProjects) = preSolution
		{BC456A9E-D140-4B1A-84D9-AB82556F5881} = {297CEDAC-BB8E-4875-A3FF-7BA7A4916E73}
		{B3B098F6-B2B8-4219-AA52-29F55427496A} = {297CEDAC-BB8E-4875-A3FF-7BA7A4916E73}
	EndGlobalSection
	GlobalSection(ExtensibilityGlobals) = postSolution
		SolutionGuid = {61422CE7-BD7A-46C1-9589-6ED6EE3AB8BC}
	EndGlobalSection
EndGlobal
