
Microsoft Visual Studio Solution File, Format Version 12.00
# Visual Studio Version 16
VisualStudioVersion = 16.0.31205.134
MinimumVisualStudioVersion = 10.0.40219.1
Project("{9A19103F-16F7-4668-BE54-9A1E7A4F7556}") = "WebJobs.Script.Analyzers", "WebJobs.Script.Analyzers.csproj", "{D9E6074E-7636-4529-A79D-BC0144823622}"
EndProject
Project("{9A19103F-16F7-4668-BE54-9A1E7A4F7556}") = "WebJobs.Script.Tests.Analyzers", "..\..\test\WebJobs.Script.Tests.Analyzers\WebJobs.Script.Tests.Analyzers.csproj", "{3BDC2B88-C0E9-4FFF-ABBB-46D075FB6752}"
EndProject
Project("{2150E333-8FDC-42A3-9474-1A3956D46DE8}") = "build", "build", "{FDABF05F-E6E5-4CEF-A3AE-6E48164D4289}"
	ProjectSection(SolutionItems) = preProject
		..\..\build\common.props = ..\..\build\common.props
		..\..\build\functions.png = ..\..\build\functions.png
		..\..\build\package.props = ..\..\build\package.props
	EndProjectSection
EndProject
Project("{2150E333-8FDC-42A3-9474-1A3956D46DE8}") = "src", "src", "{DE23BC0B-FEBD-4EE8-BB44-94E3D0C6F681}"
EndProject
Project("{2150E333-8FDC-42A3-9474-1A3956D46DE8}") = "test", "test", "{7114F941-D58E-4C37-BBB8-91EA5A17BFE6}"
EndProject
Global
	GlobalSection(SolutionConfigurationPlatforms) = preSolution
		Debug|Any CPU = Debug|Any CPU
		Release|Any CPU = Release|Any CPU
	EndGlobalSection
	GlobalSection(ProjectConfigurationPlatforms) = postSolution
		{D9E6074E-7636-4529-A79D-BC0144823622}.Debug|Any CPU.ActiveCfg = Debug|Any CPU
		{D9E6074E-7636-4529-A79D-BC0144823622}.Debug|Any CPU.Build.0 = Debug|Any CPU
		{D9E6074E-7636-4529-A79D-BC0144823622}.Release|Any CPU.ActiveCfg = Release|Any CPU
		{D9E6074E-7636-4529-A79D-BC0144823622}.Release|Any CPU.Build.0 = Release|Any CPU
		{3BDC2B88-C0E9-4FFF-ABBB-46D075FB6752}.Debug|Any CPU.ActiveCfg = Debug|Any CPU
		{3BDC2B88-C0E9-4FFF-ABBB-46D075FB6752}.Debug|Any CPU.Build.0 = Debug|Any CPU
		{3BDC2B88-C0E9-4FFF-ABBB-46D075FB6752}.Release|Any CPU.ActiveCfg = Release|Any CPU
		{3BDC2B88-C0E9-4FFF-ABBB-46D075FB6752}.Release|Any CPU.Build.0 = Release|Any CPU
	EndGlobalSection
	GlobalSection(SolutionProperties) = preSolution
		HideSolutionNode = FALSE
	EndGlobalSection
	GlobalSection(NestedProjects) = preSolution
		{D9E6074E-7636-4529-A79D-BC0144823622} = {DE23BC0B-FEBD-4EE8-BB44-94E3D0C6F681}
		{3BDC2B88-C0E9-4FFF-ABBB-46D075FB6752} = {7114F941-D58E-4C37-BBB8-91EA5A17BFE6}
	EndGlobalSection
	GlobalSection(ExtensibilityGlobals) = postSolution
		SolutionGuid = {E90FAC62-AEC1-4B8C-8C8D-7ABE8063D2B5}
	EndGlobalSection
EndGlobal
