<Solution>
  <Configurations>
    <Platform Name="Any CPU" />
    <Platform Name="x64" />
    <Platform Name="x86" />
  </Configurations>
  <Folder Name="/src/">
    <Project Path="src/Functions.WorkerProxy/Functions.WorkerProxy.csproj" />
  </Folder>
  <Folder Name="/test/">
    <Project Path="test/Functions.WorkerProxy.Tests/Functions.WorkerProxy.Tests.csproj" />
  </Folder>
</Solution>
