
Microsoft Visual Studio Solution File, Format Version 12.00
# Visual Studio 2012
Project("{FAE04EC0-301F-11D3-BF4B-00C04F79EFBC}") = "WebFrontEnd", "WebFrontEnd\WebFrontEnd.csproj", "{45974999-9C53-48AD-83B9-519ECC8AB8F4}"
EndProject
Project("{FAE04EC0-301F-11D3-BF4B-00C04F79EFBC}") = "SimpleBatch", "SimpleBatch\SimpleBatch.csproj", "{E3F2B2C8-6B8D-4D6A-A3AE-98366C9F3B49}"
EndProject
Project("{FAE04EC0-301F-11D3-BF4B-00C04F79EFBC}") = "Executor", "Executor\Executor.csproj", "{C7447FEB-9EE5-475E-A4C6-A85A75E4CD9D}"
EndProject
Project("{FAE04EC0-301F-11D3-BF4B-00C04F79EFBC}") = "RunnerInterfaces", "RunnerInterfaces\RunnerInterfaces.csproj", "{D2AEDB8B-2C25-4108-8ED1-2E6C294A0923}"
EndProject
Project("{FAE04EC0-301F-11D3-BF4B-00C04F79EFBC}") = "Orchestrator", "Orchestrator\Orchestrator.csproj", "{1CDC8C52-15C3-4DE7-84EA-9CAF92B9BCFD}"
EndProject
Project("{2150E333-8FDC-42A3-9474-1A3956D46DE8}") = "common", "common", "{80A9DA11-5C57-46C8-9B34-087FB663C3F8}"
EndProject
Project("{2150E333-8FDC-42A3-9474-1A3956D46DE8}") = "temp", "temp", "{B830A331-C534-454D-B917-6469850BF614}"
EndProject
Project("{FAE04EC0-301F-11D3-BF4B-00C04F79EFBC}") = "ConsoleApplication1", "Temp\ConsoleApplication1\ConsoleApplication1.csproj", "{98FFC1DB-4E79-46E7-8A1B-883A96828EDD}"
EndProject
Project("{FAE04EC0-301F-11D3-BF4B-00C04F79EFBC}") = "TestApp1", "Temp\TestApp1\TestApp1.csproj", "{EFBA6889-46BF-4C69-A933-8C17D2CD38CA}"
EndProject
Project("{FAE04EC0-301F-11D3-BF4B-00C04F79EFBC}") = "RunnerHost", "RunnerHost\RunnerHost.csproj", "{494580B8-1C81-41DF-9EB7-BD5A887258AB}"
EndProject
Project("{2150E333-8FDC-42A3-9474-1A3956D46DE8}") = ".nuget", ".nuget", "{9225C60A-CFCB-4112-A310-3DEB92B4577F}"
	ProjectSection(SolutionItems) = preProject
		.nuget\NuGet.Config = .nuget\NuGet.Config
		.nuget\NuGet.exe = .nuget\NuGet.exe
		.nuget\NuGet.targets = .nuget\NuGet.targets
	EndProjectSection
EndProject
Project("{FAE04EC0-301F-11D3-BF4B-00C04F79EFBC}") = "OrchestratorUnitTests", "Tests\OrchestratorUnitTests\OrchestratorUnitTests.csproj", "{CA75D667-A785-4394-AA5C-3A6C658C23A7}"
EndProject
Project("{2150E333-8FDC-42A3-9474-1A3956D46DE8}") = "Service", "Service", "{0220B3D2-A03D-4555-8826-20566A71885D}"
EndProject
Project("{CC5FD16D-436D-48AD-A40C-5A424C6E3E79}") = "DaasService", "DaasService\DaasService.ccproj", "{74F9080F-DD23-4A12-90E0-80D98196B9F1}"
EndProject
Project("{FAE04EC0-301F-11D3-BF4B-00C04F79EFBC}") = "ExecutionRole", "WorkerRole1\ExecutionRole.csproj", "{F47032A7-9384-4A10-B216-C3E557B028E5}"
EndProject
Project("{FAE04EC0-301F-11D3-BF4B-00C04F79EFBC}") = "Secrets", "Secrets\Secrets.csproj", "{91956A5E-25B9-469B-BF3E-57BF7C547FF2}"
EndProject
Project("{FAE04EC0-301F-11D3-BF4B-00C04F79EFBC}") = "LocalOrchestrator", "LocalOrchestrator\LocalOrchestrator.csproj", "{C03AA9A7-BE04-4C64-A104-185FC8E51252}"
EndProject
Project("{FAE04EC0-301F-11D3-BF4B-00C04F79EFBC}") = "DaasEndpoints", "DaasEndpoints\DaasEndpoints.csproj", "{0CC8477B-5761-4ED9-A2A1-40178F9639CA}"
EndProject
Project("{FAE04EC0-301F-11D3-BF4B-00C04F79EFBC}") = "OrchestratorRole", "OrchestratorRole\OrchestratorRole.csproj", "{2146542C-ED23-46B7-B4DB-0E2FAD60F4C7}"
EndProject
Project("{FAE04EC0-301F-11D3-BF4B-00C04F79EFBC}") = "IndexDriver", "IndexDriver\IndexDriver.csproj", "{EB5A89CB-EF6C-47BE-8639-1F65FC61A64F}"
EndProject
Project("{FAE04EC0-301F-11D3-BF4B-00C04F79EFBC}") = "LiveAzureTests", "Tests\LiveAzureTests\LiveAzureTests.csproj", "{CAF02AD6-CF84-41E7-AAB1-F3BE31ECD66D}"
EndProject
Project("{FAE04EC0-301F-11D3-BF4B-00C04F79EFBC}") = "Publish", "Publish\Publish.csproj", "{C769BCB4-1D00-40EC-8D90-5AEB2E66F34C}"
EndProject
Project("{2150E333-8FDC-42A3-9474-1A3956D46DE8}") = "Tools", "Tools", "{C2AF9E41-62C3-4B75-8FB5-D39C7FA56A40}"
EndProject
Project("{FAE04EC0-301F-11D3-BF4B-00C04F79EFBC}") = "SimpleBatch.Client", "SimpleBatch.Client\SimpleBatch.Client.csproj", "{0F2424FF-7502-4BC7-87CD-A477B88FA054}"
EndProject
Project("{FAE04EC0-301F-11D3-BF4B-00C04F79EFBC}") = "LocalRunnerHost", "LocalRunnerHost\LocalRunnerHost.csproj", "{51D2BBA3-1ACF-4BB8-8A40-61F45A0890E7}"
EndProject
Project("{2150E333-8FDC-42A3-9474-1A3956D46DE8}") = "Tests", "Tests", "{639967B0-0544-4C52-94AC-9A3D25E33256}"
EndProject
Project("{2150E333-8FDC-42A3-9474-1A3956D46DE8}") = "CloudBinders", "CloudBinders", "{35F3CED4-2254-4212-90FE-2F05AED993F2}"
EndProject
Project("{FAE04EC0-301F-11D3-BF4B-00C04F79EFBC}") = "WebImageBinder", "CloudBinders\WebImageBinder\WebImageBinder.csproj", "{6AA32612-A15A-412D-87DA-71F1AD8335E7}"
EndProject
Project("{FAE04EC0-301F-11D3-BF4B-00C04F79EFBC}") = "DataTableBinder", "CloudBinders\DataTableBinder\DataTableBinder.csproj", "{8F25E102-8BA9-4D3C-8249-E6597369B96F}"
EndProject
Global
	GlobalSection(SolutionConfigurationPlatforms) = preSolution
		Debug|Any CPU = Debug|Any CPU
		Release|Any CPU = Release|Any CPU
	EndGlobalSection
	GlobalSection(ProjectConfigurationPlatforms) = postSolution
		{45974999-9C53-48AD-83B9-519ECC8AB8F4}.Debug|Any CPU.ActiveCfg = Debug|Any CPU
		{45974999-9C53-48AD-83B9-519ECC8AB8F4}.Debug|Any CPU.Build.0 = Debug|Any CPU
		{45974999-9C53-48AD-83B9-519ECC8AB8F4}.Release|Any CPU.ActiveCfg = Release|Any CPU
		{45974999-9C53-48AD-83B9-519ECC8AB8F4}.Release|Any CPU.Build.0 = Release|Any CPU
		{E3F2B2C8-6B8D-4D6A-A3AE-98366C9F3B49}.Debug|Any CPU.ActiveCfg = Debug|Any CPU
		{E3F2B2C8-6B8D-4D6A-A3AE-98366C9F3B49}.Debug|Any CPU.Build.0 = Debug|Any CPU
		{E3F2B2C8-6B8D-4D6A-A3AE-98366C9F3B49}.Release|Any CPU.ActiveCfg = Release|Any CPU
		{E3F2B2C8-6B8D-4D6A-A3AE-98366C9F3B49}.Release|Any CPU.Build.0 = Release|Any CPU
		{C7447FEB-9EE5-475E-A4C6-A85A75E4CD9D}.Debug|Any CPU.ActiveCfg = Debug|Any CPU
		{C7447FEB-9EE5-475E-A4C6-A85A75E4CD9D}.Debug|Any CPU.Build.0 = Debug|Any CPU
		{C7447FEB-9EE5-475E-A4C6-A85A75E4CD9D}.Release|Any CPU.ActiveCfg = Release|Any CPU
		{C7447FEB-9EE5-475E-A4C6-A85A75E4CD9D}.Release|Any CPU.Build.0 = Release|Any CPU
		{D2AEDB8B-2C25-4108-8ED1-2E6C294A0923}.Debug|Any CPU.ActiveCfg = Debug|Any CPU
		{D2AEDB8B-2C25-4108-8ED1-2E6C294A0923}.Debug|Any CPU.Build.0 = Debug|Any CPU
		{D2AEDB8B-2C25-4108-8ED1-2E6C294A0923}.Release|Any CPU.ActiveCfg = Release|Any CPU
		{D2AEDB8B-2C25-4108-8ED1-2E6C294A0923}.Release|Any CPU.Build.0 = Release|Any CPU
		{1CDC8C52-15C3-4DE7-84EA-9CAF92B9BCFD}.Debug|Any CPU.ActiveCfg = Debug|Any CPU
		{1CDC8C52-15C3-4DE7-84EA-9CAF92B9BCFD}.Debug|Any CPU.Build.0 = Debug|Any CPU
		{1CDC8C52-15C3-4DE7-84EA-9CAF92B9BCFD}.Release|Any CPU.ActiveCfg = Release|Any CPU
		{1CDC8C52-15C3-4DE7-84EA-9CAF92B9BCFD}.Release|Any CPU.Build.0 = Release|Any CPU
		{98FFC1DB-4E79-46E7-8A1B-883A96828EDD}.Debug|Any CPU.ActiveCfg = Debug|Any CPU
		{98FFC1DB-4E79-46E7-8A1B-883A96828EDD}.Debug|Any CPU.Build.0 = Debug|Any CPU
		{98FFC1DB-4E79-46E7-8A1B-883A96828EDD}.Release|Any CPU.ActiveCfg = Release|Any CPU
		{98FFC1DB-4E79-46E7-8A1B-883A96828EDD}.Release|Any CPU.Build.0 = Release|Any CPU
		{EFBA6889-46BF-4C69-A933-8C17D2CD38CA}.Debug|Any CPU.ActiveCfg = Debug|Any CPU
		{EFBA6889-46BF-4C69-A933-8C17D2CD38CA}.Debug|Any CPU.Build.0 = Debug|Any CPU
		{EFBA6889-46BF-4C69-A933-8C17D2CD38CA}.Release|Any CPU.ActiveCfg = Release|Any CPU
		{EFBA6889-46BF-4C69-A933-8C17D2CD38CA}.Release|Any CPU.Build.0 = Release|Any CPU
		{494580B8-1C81-41DF-9EB7-BD5A887258AB}.Debug|Any CPU.ActiveCfg = Debug|Any CPU
		{494580B8-1C81-41DF-9EB7-BD5A887258AB}.Debug|Any CPU.Build.0 = Debug|Any CPU
		{494580B8-1C81-41DF-9EB7-BD5A887258AB}.Release|Any CPU.ActiveCfg = Release|Any CPU
		{494580B8-1C81-41DF-9EB7-BD5A887258AB}.Release|Any CPU.Build.0 = Release|Any CPU
		{CA75D667-A785-4394-AA5C-3A6C658C23A7}.Debug|Any CPU.ActiveCfg = Debug|Any CPU
		{CA75D667-A785-4394-AA5C-3A6C658C23A7}.Debug|Any CPU.Build.0 = Debug|Any CPU
		{CA75D667-A785-4394-AA5C-3A6C658C23A7}.Release|Any CPU.ActiveCfg = Release|Any CPU
		{CA75D667-A785-4394-AA5C-3A6C658C23A7}.Release|Any CPU.Build.0 = Release|Any CPU
		{74F9080F-DD23-4A12-90E0-80D98196B9F1}.Debug|Any CPU.ActiveCfg = Debug|Any CPU
		{74F9080F-DD23-4A12-90E0-80D98196B9F1}.Debug|Any CPU.Build.0 = Debug|Any CPU
		{74F9080F-DD23-4A12-90E0-80D98196B9F1}.Release|Any CPU.ActiveCfg = Release|Any CPU
		{74F9080F-DD23-4A12-90E0-80D98196B9F1}.Release|Any CPU.Build.0 = Release|Any CPU
		{F47032A7-9384-4A10-B216-C3E557B028E5}.Debug|Any CPU.ActiveCfg = Debug|Any CPU
		{F47032A7-9384-4A10-B216-C3E557B028E5}.Debug|Any CPU.Build.0 = Debug|Any CPU
		{F47032A7-9384-4A10-B216-C3E557B028E5}.Release|Any CPU.ActiveCfg = Release|Any CPU
		{F47032A7-9384-4A10-B216-C3E557B028E5}.Release|Any CPU.Build.0 = Release|Any CPU
		{91956A5E-25B9-469B-BF3E-57BF7C547FF2}.Debug|Any CPU.ActiveCfg = Debug|Any CPU
		{91956A5E-25B9-469B-BF3E-57BF7C547FF2}.Debug|Any CPU.Build.0 = Debug|Any CPU
		{91956A5E-25B9-469B-BF3E-57BF7C547FF2}.Release|Any CPU.ActiveCfg = Release|Any CPU
		{91956A5E-25B9-469B-BF3E-57BF7C547FF2}.Release|Any CPU.Build.0 = Release|Any CPU
		{C03AA9A7-BE04-4C64-A104-185FC8E51252}.Debug|Any CPU.ActiveCfg = Debug|Any CPU
		{C03AA9A7-BE04-4C64-A104-185FC8E51252}.Debug|Any CPU.Build.0 = Debug|Any CPU
		{C03AA9A7-BE04-4C64-A104-185FC8E51252}.Release|Any CPU.ActiveCfg = Release|Any CPU
		{C03AA9A7-BE04-4C64-A104-185FC8E51252}.Release|Any CPU.Build.0 = Release|Any CPU
		{0CC8477B-5761-4ED9-A2A1-40178F9639CA}.Debug|Any CPU.ActiveCfg = Debug|Any CPU
		{0CC8477B-5761-4ED9-A2A1-40178F9639CA}.Debug|Any CPU.Build.0 = Debug|Any CPU
		{0CC8477B-5761-4ED9-A2A1-40178F9639CA}.Release|Any CPU.ActiveCfg = Release|Any CPU
		{0CC8477B-5761-4ED9-A2A1-40178F9639CA}.Release|Any CPU.Build.0 = Release|Any CPU
		{2146542C-ED23-46B7-B4DB-0E2FAD60F4C7}.Debug|Any CPU.ActiveCfg = Debug|Any CPU
		{2146542C-ED23-46B7-B4DB-0E2FAD60F4C7}.Debug|Any CPU.Build.0 = Debug|Any CPU
		{2146542C-ED23-46B7-B4DB-0E2FAD60F4C7}.Release|Any CPU.ActiveCfg = Release|Any CPU
		{2146542C-ED23-46B7-B4DB-0E2FAD60F4C7}.Release|Any CPU.Build.0 = Release|Any CPU
		{EB5A89CB-EF6C-47BE-8639-1F65FC61A64F}.Debug|Any CPU.ActiveCfg = Debug|Any CPU
		{EB5A89CB-EF6C-47BE-8639-1F65FC61A64F}.Debug|Any CPU.Build.0 = Debug|Any CPU
		{EB5A89CB-EF6C-47BE-8639-1F65FC61A64F}.Release|Any CPU.ActiveCfg = Release|Any CPU
		{EB5A89CB-EF6C-47BE-8639-1F65FC61A64F}.Release|Any CPU.Build.0 = Release|Any CPU
		{CAF02AD6-CF84-41E7-AAB1-F3BE31ECD66D}.Debug|Any CPU.ActiveCfg = Debug|Any CPU
		{CAF02AD6-CF84-41E7-AAB1-F3BE31ECD66D}.Debug|Any CPU.Build.0 = Debug|Any CPU
		{CAF02AD6-CF84-41E7-AAB1-F3BE31ECD66D}.Release|Any CPU.ActiveCfg = Release|Any CPU
		{CAF02AD6-CF84-41E7-AAB1-F3BE31ECD66D}.Release|Any CPU.Build.0 = Release|Any CPU
		{C769BCB4-1D00-40EC-8D90-5AEB2E66F34C}.Debug|Any CPU.ActiveCfg = Debug|Any CPU
		{C769BCB4-1D00-40EC-8D90-5AEB2E66F34C}.Debug|Any CPU.Build.0 = Debug|Any CPU
		{C769BCB4-1D00-40EC-8D90-5AEB2E66F34C}.Release|Any CPU.ActiveCfg = Release|Any CPU
		{C769BCB4-1D00-40EC-8D90-5AEB2E66F34C}.Release|Any CPU.Build.0 = Release|Any CPU
		{0F2424FF-7502-4BC7-87CD-A477B88FA054}.Debug|Any CPU.ActiveCfg = Debug|Any CPU
		{0F2424FF-7502-4BC7-87CD-A477B88FA054}.Debug|Any CPU.Build.0 = Debug|Any CPU
		{0F2424FF-7502-4BC7-87CD-A477B88FA054}.Release|Any CPU.ActiveCfg = Release|Any CPU
		{0F2424FF-7502-4BC7-87CD-A477B88FA054}.Release|Any CPU.Build.0 = Release|Any CPU
		{51D2BBA3-1ACF-4BB8-8A40-61F45A0890E7}.Debug|Any CPU.ActiveCfg = Debug|Any CPU
		{51D2BBA3-1ACF-4BB8-8A40-61F45A0890E7}.Debug|Any CPU.Build.0 = Debug|Any CPU
		{51D2BBA3-1ACF-4BB8-8A40-61F45A0890E7}.Release|Any CPU.ActiveCfg = Release|Any CPU
		{51D2BBA3-1ACF-4BB8-8A40-61F45A0890E7}.Release|Any CPU.Build.0 = Release|Any CPU
		{6AA32612-A15A-412D-87DA-71F1AD8335E7}.Debug|Any CPU.ActiveCfg = Debug|Any CPU
		{6AA32612-A15A-412D-87DA-71F1AD8335E7}.Debug|Any CPU.Build.0 = Debug|Any CPU
		{6AA32612-A15A-412D-87DA-71F1AD8335E7}.Release|Any CPU.ActiveCfg = Release|Any CPU
		{6AA32612-A15A-412D-87DA-71F1AD8335E7}.Release|Any CPU.Build.0 = Release|Any CPU
		{8F25E102-8BA9-4D3C-8249-E6597369B96F}.Debug|Any CPU.ActiveCfg = Debug|Any CPU
		{8F25E102-8BA9-4D3C-8249-E6597369B96F}.Debug|Any CPU.Build.0 = Debug|Any CPU
		{8F25E102-8BA9-4D3C-8249-E6597369B96F}.Release|Any CPU.ActiveCfg = Release|Any CPU
		{8F25E102-8BA9-4D3C-8249-E6597369B96F}.Release|Any CPU.Build.0 = Release|Any CPU
	EndGlobalSection
	GlobalSection(SolutionProperties) = preSolution
		HideSolutionNode = FALSE
	EndGlobalSection
	GlobalSection(NestedProjects) = preSolution
		{D2AEDB8B-2C25-4108-8ED1-2E6C294A0923} = {80A9DA11-5C57-46C8-9B34-087FB663C3F8}
		{E3F2B2C8-6B8D-4D6A-A3AE-98366C9F3B49} = {80A9DA11-5C57-46C8-9B34-087FB663C3F8}
		{91956A5E-25B9-469B-BF3E-57BF7C547FF2} = {80A9DA11-5C57-46C8-9B34-087FB663C3F8}
		{0F2424FF-7502-4BC7-87CD-A477B88FA054} = {80A9DA11-5C57-46C8-9B34-087FB663C3F8}
		{98FFC1DB-4E79-46E7-8A1B-883A96828EDD} = {B830A331-C534-454D-B917-6469850BF614}
		{EFBA6889-46BF-4C69-A933-8C17D2CD38CA} = {B830A331-C534-454D-B917-6469850BF614}
		{CAF02AD6-CF84-41E7-AAB1-F3BE31ECD66D} = {639967B0-0544-4C52-94AC-9A3D25E33256}
		{CA75D667-A785-4394-AA5C-3A6C658C23A7} = {639967B0-0544-4C52-94AC-9A3D25E33256}
		{74F9080F-DD23-4A12-90E0-80D98196B9F1} = {0220B3D2-A03D-4555-8826-20566A71885D}
		{F47032A7-9384-4A10-B216-C3E557B028E5} = {0220B3D2-A03D-4555-8826-20566A71885D}
		{0CC8477B-5761-4ED9-A2A1-40178F9639CA} = {0220B3D2-A03D-4555-8826-20566A71885D}
		{2146542C-ED23-46B7-B4DB-0E2FAD60F4C7} = {0220B3D2-A03D-4555-8826-20566A71885D}
		{EB5A89CB-EF6C-47BE-8639-1F65FC61A64F} = {0220B3D2-A03D-4555-8826-20566A71885D}
		{C769BCB4-1D00-40EC-8D90-5AEB2E66F34C} = {C2AF9E41-62C3-4B75-8FB5-D39C7FA56A40}
		{51D2BBA3-1ACF-4BB8-8A40-61F45A0890E7} = {C2AF9E41-62C3-4B75-8FB5-D39C7FA56A40}
		{6AA32612-A15A-412D-87DA-71F1AD8335E7} = {35F3CED4-2254-4212-90FE-2F05AED993F2}
		{8F25E102-8BA9-4D3C-8249-E6597369B96F} = {35F3CED4-2254-4212-90FE-2F05AED993F2}
	EndGlobalSection
EndGlobal
