
Microsoft Visual Studio Solution File, Format Version 12.00
# Visual Studio 2012
Project("{FAE04EC0-301F-11D3-BF4B-00C04F79EFBC}") = "WebFrontEnd", "WebFrontEnd\WebFrontEnd.csproj", "{45974999-9C53-48AD-83B9-519ECC8AB8F4}"
EndProject
Project("{FAE04EC0-301F-11D3-BF4B-00C04F79EFBC}") = "SimpleBatch", "SimpleBatch\SimpleBatch.csproj", "{E3F2B2C8-6B8D-4D6A-A3AE-98366C9F3B49}"
EndProject
Project("{FAE04EC0-301F-11D3-BF4B-00C04F79EFBC}") = "Executor", "Executor\Executor.csproj", "{C7447FEB-9EE5-475E-A4C6-A85A75E4CD9D}"
EndProject
Project("{FAE04EC0-301F-11D3-BF4B-00C04F79EFBC}") = "RunnerInterfaces", "RunnerInterfaces\RunnerInterfaces.csproj", "{D2AEDB8B-2C25-4108-8ED1-2E6C294A0923}"
EndProject
Project("{FAE04EC0-301F-11D3-BF4B-00C04F79EFBC}") = "Orchestrator", "Orchestrator\Orchestrator.csproj", "{1CDC8C52-15C3-4DE7-84EA-9CAF92B9BCFD}"
EndProject
Project("{2150E333-8FDC-42A3-9474-1A3956D46DE8}") = "common", "common", "{80A9DA11-5C57-46C8-9B34-087FB663C3F8}"
EndProject
Project("{2150E333-8FDC-42A3-9474-1A3956D46DE8}") = "temp", "temp", "{B830A331-C534-454D-B917-6469850BF614}"
EndProject
Project("{FAE04EC0-301F-11D3-BF4B-00C04F79EFBC}") = "ConsoleApplication1", "Temp\ConsoleApplication1\ConsoleApplication1.csproj", "{98FFC1DB-4E79-46E7-8A1B-883A96828EDD}"
EndProject
Project("{FAE04EC0-301F-11D3-BF4B-00C04F79EFBC}") = "TestApp1", "Temp\TestApp1\TestApp1.csproj", "{EFBA6889-46BF-4C69-A933-8C17D2CD38CA}"
EndProject
Project("{FAE04EC0-301F-11D3-BF4B-00C04F79EFBC}") = "RunnerHost", "RunnerHost\RunnerHost.csproj", "{494580B8-1C81-41DF-9EB7-BD5A887258AB}"
EndProject
Project("{2150E333-8FDC-42A3-9474-1A3956D46DE8}") = ".nuget", ".nuget", "{9225C60A-CFCB-4112-A310-3DEB92B4577F}"
	ProjectSection(SolutionItems) = preProject
		.nuget\NuGet.Config = .nuget\NuGet.Config
		.nuget\NuGet.exe = .nuget\NuGet.exe
		.nuget\NuGet.targets = .nuget\NuGet.targets
	EndProjectSection
EndProject
Project("{FAE04EC0-301F-11D3-BF4B-00C04F79EFBC}") = "OrchestratorUnitTests", "Tests\OrchestratorUnitTests\OrchestratorUnitTests.csproj", "{CA75D667-A785-4394-AA5C-3A6C658C23A7}"
EndProject
Project("{2150E333-8FDC-42A3-9474-1A3956D46DE8}") = "Service", "Service", "{0220B3D2-A03D-4555-8826-20566A71885D}"
EndProject
Project("{FAE04EC0-301F-11D3-BF4B-00C04F79EFBC}") = "LocalOrchestrator", "LocalOrchestrator\LocalOrchestrator.csproj", "{C03AA9A7-BE04-4C64-A104-185FC8E51252}"
EndProject
Project("{FAE04EC0-301F-11D3-BF4B-00C04F79EFBC}") = "DaasEndpoints", "DaasEndpoints\DaasEndpoints.csproj", "{0CC8477B-5761-4ED9-A2A1-40178F9639CA}"
EndProject
Project("{FAE04EC0-301F-11D3-BF4B-00C04F79EFBC}") = "IndexDriver", "IndexDriver\IndexDriver.csproj", "{EB5A89CB-EF6C-47BE-8639-1F65FC61A64F}"
EndProject
Project("{FAE04EC0-301F-11D3-BF4B-00C04F79EFBC}") = "LiveAzureTests", "Tests\LiveAzureTests\LiveAzureTests.csproj", "{CAF02AD6-CF84-41E7-AAB1-F3BE31ECD66D}"
EndProject
Project("{2150E333-8FDC-42A3-9474-1A3956D46DE8}") = "Tools", "Tools", "{C2AF9E41-62C3-4B75-8FB5-D39C7FA56A40}"
EndProject
Project("{FAE04EC0-301F-11D3-BF4B-00C04F79EFBC}") = "SimpleBatch.Client", "SimpleBatch.Client\SimpleBatch.Client.csproj", "{0F2424FF-7502-4BC7-87CD-A477B88FA054}"
EndProject
Project("{FAE04EC0-301F-11D3-BF4B-00C04F79EFBC}") = "LocalRunnerHost", "LocalRunnerHost\LocalRunnerHost.csproj", "{51D2BBA3-1ACF-4BB8-8A40-61F45A0890E7}"
EndProject
Project("{2150E333-8FDC-42A3-9474-1A3956D46DE8}") = "Tests", "Tests", "{639967B0-0544-4C52-94AC-9A3D25E33256}"
EndProject
Project("{2150E333-8FDC-42A3-9474-1A3956D46DE8}") = "CloudBinders", "CloudBinders", "{35F3CED4-2254-4212-90FE-2F05AED993F2}"
EndProject
Project("{FAE04EC0-301F-11D3-BF4B-00C04F79EFBC}") = "WebImageBinder", "CloudBinders\WebImageBinder\WebImageBinder.csproj", "{6AA32612-A15A-412D-87DA-71F1AD8335E7}"
EndProject
Project("{FAE04EC0-301F-11D3-BF4B-00C04F79EFBC}") = "DataTableBinder", "CloudBinders\DataTableBinder\DataTableBinder.csproj", "{8F25E102-8BA9-4D3C-8249-E6597369B96F}"
EndProject
Project("{FAE04EC0-301F-11D3-BF4B-00C04F79EFBC}") = "RebuildFunctionQueryTables", "RebuildFunctionQueryTables\RebuildFunctionQueryTables.csproj", "{7F968A4A-F484-4403-972A-FBE7A529D232}"
EndProject
Project("{FAE04EC0-301F-11D3-BF4B-00C04F79EFBC}") = "GauntletTest", "GauntletTest\GauntletTest.csproj", "{158BAE27-1E61-4DE8-A409-D1FF09336F3D}"
EndProject
Project("{FAE04EC0-301F-11D3-BF4B-00C04F79EFBC}") = "Monitor", "Monitor\Monitor.csproj", "{6A9E423D-31EF-4A40-9B3B-EE0668AFEBAA}"
EndProject
Project("{2150E333-8FDC-42A3-9474-1A3956D46DE8}") = "Antares", "Antares", "{3BE62B81-B69D-4E58-BF86-194E583CACEC}"
EndProject
Project("{FAE04EC0-301F-11D3-BF4B-00C04F79EFBC}") = "KuduFrontEnd", "Antares\KuduFrontEnd\KuduFrontEnd.csproj", "{73AF0F6F-CC3B-4523-B641-A1E014C94333}"
EndProject
Project("{FAE04EC0-301F-11D3-BF4B-00C04F79EFBC}") = "KuduTestApp", "Antares\KuduTestApp\KuduTestApp.csproj", "{09935BF4-AD38-47A4-82A2-E4F223814DE5}"
EndProject
Project("{FAE04EC0-301F-11D3-BF4B-00C04F79EFBC}") = "TriggerService", "Antares\TriggerService\TriggerService.csproj", "{6A771BF9-CA3C-4234-9BF1-7B4AF1FBCCE9}"
EndProject
Project("{FAE04EC0-301F-11D3-BF4B-00C04F79EFBC}") = "LocalTriggerConsole", "Antares\LocalTriggerConsole\LocalTriggerConsole.csproj", "{EC7D4009-4908-458A-87AA-A1427508DBC0}"
EndProject
Project("{FAE04EC0-301F-11D3-BF4B-00C04F79EFBC}") = "TriggerServiceUnitTests", "Tests\TriggerServiceUnitTests\TriggerServiceUnitTests.csproj", "{C1EAB24F-CA88-4CD7-A7C4-8F2C0BD4380D}"
EndProject
Project("{FAE04EC0-301F-11D3-BF4B-00C04F79EFBC}") = "TriggerServiceApi", "Antares\TriggerServiceApi\TriggerServiceApi.csproj", "{9BE40362-9C57-46DB-90A3-E26CBE1A4F28}"
EndProject
Project("{FAE04EC0-301F-11D3-BF4B-00C04F79EFBC}") = "Azure20SdkBinders", "CloudBinders\Azure20SdkBinders\Azure20SdkBinders.csproj", "{56B62FE7-C1F6-4200-9B4C-2A1677E53D1A}"
EndProject
Project("{FAE04EC0-301F-11D3-BF4B-00C04F79EFBC}") = "Azure20SdkUnitTests", "Tests\Azure20SdkUnitTests\Azure20SdkUnitTests.csproj", "{71B9C9BA-28D8-4073-B4D5-4B5512807FD0}"
EndProject
Project("{FAE04EC0-301F-11D3-BF4B-00C04F79EFBC}") = "SimpleBatch.Host", "SimpleBatch.Host\SimpleBatch.Host.csproj", "{0E095CB2-3030-49FF-966C-785F1A55F0C1}"
EndProject
Project("{FAE04EC0-301F-11D3-BF4B-00C04F79EFBC}") = "TestLocalHost", "Temp\TestLocalHost\TestLocalHost.csproj", "{AB1E46E0-1D5D-4BA7-83FB-F8BC7A44727E}"
EndProject
Project("{FAE04EC0-301F-11D3-BF4B-00C04F79EFBC}") = "TestBinder", "Temp\TestBinder\TestBinder.csproj", "{C10FE317-15C6-4D65-9CF5-6ED24F8BEF53}"
EndProject
Global
	GlobalSection(SolutionConfigurationPlatforms) = preSolution
		Debug|Any CPU = Debug|Any CPU
		Release|Any CPU = Release|Any CPU
	EndGlobalSection
	GlobalSection(ProjectConfigurationPlatforms) = postSolution
		{45974999-9C53-48AD-83B9-519ECC8AB8F4}.Debug|Any CPU.ActiveCfg = Debug|Any CPU
		{45974999-9C53-48AD-83B9-519ECC8AB8F4}.Debug|Any CPU.Build.0 = Debug|Any CPU
		{45974999-9C53-48AD-83B9-519ECC8AB8F4}.Release|Any CPU.ActiveCfg = Release|Any CPU
		{45974999-9C53-48AD-83B9-519ECC8AB8F4}.Release|Any CPU.Build.0 = Release|Any CPU
		{E3F2B2C8-6B8D-4D6A-A3AE-98366C9F3B49}.Debug|Any CPU.ActiveCfg = Debug|Any CPU
		{E3F2B2C8-6B8D-4D6A-A3AE-98366C9F3B49}.Debug|Any CPU.Build.0 = Debug|Any CPU
		{E3F2B2C8-6B8D-4D6A-A3AE-98366C9F3B49}.Release|Any CPU.ActiveCfg = Release|Any CPU
		{E3F2B2C8-6B8D-4D6A-A3AE-98366C9F3B49}.Release|Any CPU.Build.0 = Release|Any CPU
		{C7447FEB-9EE5-475E-A4C6-A85A75E4CD9D}.Debug|Any CPU.ActiveCfg = Debug|Any CPU
		{C7447FEB-9EE5-475E-A4C6-A85A75E4CD9D}.Debug|Any CPU.Build.0 = Debug|Any CPU
		{C7447FEB-9EE5-475E-A4C6-A85A75E4CD9D}.Release|Any CPU.ActiveCfg = Release|Any CPU
		{C7447FEB-9EE5-475E-A4C6-A85A75E4CD9D}.Release|Any CPU.Build.0 = Release|Any CPU
		{D2AEDB8B-2C25-4108-8ED1-2E6C294A0923}.Debug|Any CPU.ActiveCfg = Debug|Any CPU
		{D2AEDB8B-2C25-4108-8ED1-2E6C294A0923}.Debug|Any CPU.Build.0 = Debug|Any CPU
		{D2AEDB8B-2C25-4108-8ED1-2E6C294A0923}.Release|Any CPU.ActiveCfg = Release|Any CPU
		{D2AEDB8B-2C25-4108-8ED1-2E6C294A0923}.Release|Any CPU.Build.0 = Release|Any CPU
		{1CDC8C52-15C3-4DE7-84EA-9CAF92B9BCFD}.Debug|Any CPU.ActiveCfg = Debug|Any CPU
		{1CDC8C52-15C3-4DE7-84EA-9CAF92B9BCFD}.Debug|Any CPU.Build.0 = Debug|Any CPU
		{1CDC8C52-15C3-4DE7-84EA-9CAF92B9BCFD}.Release|Any CPU.ActiveCfg = Release|Any CPU
		{1CDC8C52-15C3-4DE7-84EA-9CAF92B9BCFD}.Release|Any CPU.Build.0 = Release|Any CPU
		{98FFC1DB-4E79-46E7-8A1B-883A96828EDD}.Debug|Any CPU.ActiveCfg = Debug|Any CPU
		{98FFC1DB-4E79-46E7-8A1B-883A96828EDD}.Debug|Any CPU.Build.0 = Debug|Any CPU
		{98FFC1DB-4E79-46E7-8A1B-883A96828EDD}.Release|Any CPU.ActiveCfg = Release|Any CPU
		{98FFC1DB-4E79-46E7-8A1B-883A96828EDD}.Release|Any CPU.Build.0 = Release|Any CPU
		{EFBA6889-46BF-4C69-A933-8C17D2CD38CA}.Debug|Any CPU.ActiveCfg = Debug|Any CPU
		{EFBA6889-46BF-4C69-A933-8C17D2CD38CA}.Debug|Any CPU.Build.0 = Debug|Any CPU
		{EFBA6889-46BF-4C69-A933-8C17D2CD38CA}.Release|Any CPU.ActiveCfg = Release|Any CPU
		{EFBA6889-46BF-4C69-A933-8C17D2CD38CA}.Release|Any CPU.Build.0 = Release|Any CPU
		{494580B8-1C81-41DF-9EB7-BD5A887258AB}.Debug|Any CPU.ActiveCfg = Debug|Any CPU
		{494580B8-1C81-41DF-9EB7-BD5A887258AB}.Debug|Any CPU.Build.0 = Debug|Any CPU
		{494580B8-1C81-41DF-9EB7-BD5A887258AB}.Release|Any CPU.ActiveCfg = Release|Any CPU
		{494580B8-1C81-41DF-9EB7-BD5A887258AB}.Release|Any CPU.Build.0 = Release|Any CPU
		{CA75D667-A785-4394-AA5C-3A6C658C23A7}.Debug|Any CPU.ActiveCfg = Debug|Any CPU
		{CA75D667-A785-4394-AA5C-3A6C658C23A7}.Debug|Any CPU.Build.0 = Debug|Any CPU
		{CA75D667-A785-4394-AA5C-3A6C658C23A7}.Release|Any CPU.ActiveCfg = Release|Any CPU
		{CA75D667-A785-4394-AA5C-3A6C658C23A7}.Release|Any CPU.Build.0 = Release|Any CPU
		{C03AA9A7-BE04-4C64-A104-185FC8E51252}.Debug|Any CPU.ActiveCfg = Debug|Any CPU
		{C03AA9A7-BE04-4C64-A104-185FC8E51252}.Debug|Any CPU.Build.0 = Debug|Any CPU
		{C03AA9A7-BE04-4C64-A104-185FC8E51252}.Release|Any CPU.ActiveCfg = Release|Any CPU
		{C03AA9A7-BE04-4C64-A104-185FC8E51252}.Release|Any CPU.Build.0 = Release|Any CPU
		{0CC8477B-5761-4ED9-A2A1-40178F9639CA}.Debug|Any CPU.ActiveCfg = Debug|Any CPU
		{0CC8477B-5761-4ED9-A2A1-40178F9639CA}.Debug|Any CPU.Build.0 = Debug|Any CPU
		{0CC8477B-5761-4ED9-A2A1-40178F9639CA}.Release|Any CPU.ActiveCfg = Release|Any CPU
		{0CC8477B-5761-4ED9-A2A1-40178F9639CA}.Release|Any CPU.Build.0 = Release|Any CPU
		{EB5A89CB-EF6C-47BE-8639-1F65FC61A64F}.Debug|Any CPU.ActiveCfg = Debug|Any CPU
		{EB5A89CB-EF6C-47BE-8639-1F65FC61A64F}.Debug|Any CPU.Build.0 = Debug|Any CPU
		{EB5A89CB-EF6C-47BE-8639-1F65FC61A64F}.Release|Any CPU.ActiveCfg = Release|Any CPU
		{EB5A89CB-EF6C-47BE-8639-1F65FC61A64F}.Release|Any CPU.Build.0 = Release|Any CPU
		{CAF02AD6-CF84-41E7-AAB1-F3BE31ECD66D}.Debug|Any CPU.ActiveCfg = Debug|Any CPU
		{CAF02AD6-CF84-41E7-AAB1-F3BE31ECD66D}.Debug|Any CPU.Build.0 = Debug|Any CPU
		{CAF02AD6-CF84-41E7-AAB1-F3BE31ECD66D}.Release|Any CPU.ActiveCfg = Release|Any CPU
		{CAF02AD6-CF84-41E7-AAB1-F3BE31ECD66D}.Release|Any CPU.Build.0 = Release|Any CPU
		{0F2424FF-7502-4BC7-87CD-A477B88FA054}.Debug|Any CPU.ActiveCfg = Debug|Any CPU
		{0F2424FF-7502-4BC7-87CD-A477B88FA054}.Debug|Any CPU.Build.0 = Debug|Any CPU
		{0F2424FF-7502-4BC7-87CD-A477B88FA054}.Release|Any CPU.ActiveCfg = Release|Any CPU
		{0F2424FF-7502-4BC7-87CD-A477B88FA054}.Release|Any CPU.Build.0 = Release|Any CPU
		{51D2BBA3-1ACF-4BB8-8A40-61F45A0890E7}.Debug|Any CPU.ActiveCfg = Debug|Any CPU
		{51D2BBA3-1ACF-4BB8-8A40-61F45A0890E7}.Debug|Any CPU.Build.0 = Debug|Any CPU
		{51D2BBA3-1ACF-4BB8-8A40-61F45A0890E7}.Release|Any CPU.ActiveCfg = Release|Any CPU
		{51D2BBA3-1ACF-4BB8-8A40-61F45A0890E7}.Release|Any CPU.Build.0 = Release|Any CPU
		{6AA32612-A15A-412D-87DA-71F1AD8335E7}.Debug|Any CPU.ActiveCfg = Debug|Any CPU
		{6AA32612-A15A-412D-87DA-71F1AD8335E7}.Debug|Any CPU.Build.0 = Debug|Any CPU
		{6AA32612-A15A-412D-87DA-71F1AD8335E7}.Release|Any CPU.ActiveCfg = Release|Any CPU
		{6AA32612-A15A-412D-87DA-71F1AD8335E7}.Release|Any CPU.Build.0 = Release|Any CPU
		{8F25E102-8BA9-4D3C-8249-E6597369B96F}.Debug|Any CPU.ActiveCfg = Debug|Any CPU
		{8F25E102-8BA9-4D3C-8249-E6597369B96F}.Debug|Any CPU.Build.0 = Debug|Any CPU
		{8F25E102-8BA9-4D3C-8249-E6597369B96F}.Release|Any CPU.ActiveCfg = Release|Any CPU
		{8F25E102-8BA9-4D3C-8249-E6597369B96F}.Release|Any CPU.Build.0 = Release|Any CPU
		{7F968A4A-F484-4403-972A-FBE7A529D232}.Debug|Any CPU.ActiveCfg = Debug|Any CPU
		{7F968A4A-F484-4403-972A-FBE7A529D232}.Debug|Any CPU.Build.0 = Debug|Any CPU
		{7F968A4A-F484-4403-972A-FBE7A529D232}.Release|Any CPU.ActiveCfg = Release|Any CPU
		{7F968A4A-F484-4403-972A-FBE7A529D232}.Release|Any CPU.Build.0 = Release|Any CPU
		{158BAE27-1E61-4DE8-A409-D1FF09336F3D}.Debug|Any CPU.ActiveCfg = Debug|Any CPU
		{158BAE27-1E61-4DE8-A409-D1FF09336F3D}.Debug|Any CPU.Build.0 = Debug|Any CPU
		{158BAE27-1E61-4DE8-A409-D1FF09336F3D}.Release|Any CPU.ActiveCfg = Release|Any CPU
		{158BAE27-1E61-4DE8-A409-D1FF09336F3D}.Release|Any CPU.Build.0 = Release|Any CPU
		{6A9E423D-31EF-4A40-9B3B-EE0668AFEBAA}.Debug|Any CPU.ActiveCfg = Debug|Any CPU
		{6A9E423D-31EF-4A40-9B3B-EE0668AFEBAA}.Debug|Any CPU.Build.0 = Debug|Any CPU
		{6A9E423D-31EF-4A40-9B3B-EE0668AFEBAA}.Release|Any CPU.ActiveCfg = Release|Any CPU
		{6A9E423D-31EF-4A40-9B3B-EE0668AFEBAA}.Release|Any CPU.Build.0 = Release|Any CPU
		{73AF0F6F-CC3B-4523-B641-A1E014C94333}.Debug|Any CPU.ActiveCfg = Debug|Any CPU
		{73AF0F6F-CC3B-4523-B641-A1E014C94333}.Debug|Any CPU.Build.0 = Debug|Any CPU
		{73AF0F6F-CC3B-4523-B641-A1E014C94333}.Release|Any CPU.ActiveCfg = Release|Any CPU
		{73AF0F6F-CC3B-4523-B641-A1E014C94333}.Release|Any CPU.Build.0 = Release|Any CPU
		{09935BF4-AD38-47A4-82A2-E4F223814DE5}.Debug|Any CPU.ActiveCfg = Debug|Any CPU
		{09935BF4-AD38-47A4-82A2-E4F223814DE5}.Debug|Any CPU.Build.0 = Debug|Any CPU
		{09935BF4-AD38-47A4-82A2-E4F223814DE5}.Release|Any CPU.ActiveCfg = Release|Any CPU
		{09935BF4-AD38-47A4-82A2-E4F223814DE5}.Release|Any CPU.Build.0 = Release|Any CPU
		{6A771BF9-CA3C-4234-9BF1-7B4AF1FBCCE9}.Debug|Any CPU.ActiveCfg = Debug|Any CPU
		{6A771BF9-CA3C-4234-9BF1-7B4AF1FBCCE9}.Debug|Any CPU.Build.0 = Debug|Any CPU
		{6A771BF9-CA3C-4234-9BF1-7B4AF1FBCCE9}.Release|Any CPU.ActiveCfg = Release|Any CPU
		{6A771BF9-CA3C-4234-9BF1-7B4AF1FBCCE9}.Release|Any CPU.Build.0 = Release|Any CPU
		{EC7D4009-4908-458A-87AA-A1427508DBC0}.Debug|Any CPU.ActiveCfg = Debug|Any CPU
		{EC7D4009-4908-458A-87AA-A1427508DBC0}.Debug|Any CPU.Build.0 = Debug|Any CPU
		{EC7D4009-4908-458A-87AA-A1427508DBC0}.Release|Any CPU.ActiveCfg = Release|Any CPU
		{EC7D4009-4908-458A-87AA-A1427508DBC0}.Release|Any CPU.Build.0 = Release|Any CPU
		{C1EAB24F-CA88-4CD7-A7C4-8F2C0BD4380D}.Debug|Any CPU.ActiveCfg = Debug|Any CPU
		{C1EAB24F-CA88-4CD7-A7C4-8F2C0BD4380D}.Debug|Any CPU.Build.0 = Debug|Any CPU
		{C1EAB24F-CA88-4CD7-A7C4-8F2C0BD4380D}.Release|Any CPU.ActiveCfg = Release|Any CPU
		{C1EAB24F-CA88-4CD7-A7C4-8F2C0BD4380D}.Release|Any CPU.Build.0 = Release|Any CPU
		{9BE40362-9C57-46DB-90A3-E26CBE1A4F28}.Debug|Any CPU.ActiveCfg = Debug|Any CPU
		{9BE40362-9C57-46DB-90A3-E26CBE1A4F28}.Debug|Any CPU.Build.0 = Debug|Any CPU
		{9BE40362-9C57-46DB-90A3-E26CBE1A4F28}.Release|Any CPU.ActiveCfg = Release|Any CPU
		{9BE40362-9C57-46DB-90A3-E26CBE1A4F28}.Release|Any CPU.Build.0 = Release|Any CPU
		{56B62FE7-C1F6-4200-9B4C-2A1677E53D1A}.Debug|Any CPU.ActiveCfg = Debug|Any CPU
		{56B62FE7-C1F6-4200-9B4C-2A1677E53D1A}.Debug|Any CPU.Build.0 = Debug|Any CPU
		{56B62FE7-C1F6-4200-9B4C-2A1677E53D1A}.Release|Any CPU.ActiveCfg = Release|Any CPU
		{56B62FE7-C1F6-4200-9B4C-2A1677E53D1A}.Release|Any CPU.Build.0 = Release|Any CPU
		{71B9C9BA-28D8-4073-B4D5-4B5512807FD0}.Debug|Any CPU.ActiveCfg = Debug|Any CPU
		{71B9C9BA-28D8-4073-B4D5-4B5512807FD0}.Debug|Any CPU.Build.0 = Debug|Any CPU
		{71B9C9BA-28D8-4073-B4D5-4B5512807FD0}.Release|Any CPU.ActiveCfg = Release|Any CPU
		{71B9C9BA-28D8-4073-B4D5-4B5512807FD0}.Release|Any CPU.Build.0 = Release|Any CPU
		{0E095CB2-3030-49FF-966C-785F1A55F0C1}.Debug|Any CPU.ActiveCfg = Debug|Any CPU
		{0E095CB2-3030-49FF-966C-785F1A55F0C1}.Debug|Any CPU.Build.0 = Debug|Any CPU
		{0E095CB2-3030-49FF-966C-785F1A55F0C1}.Release|Any CPU.ActiveCfg = Release|Any CPU
		{0E095CB2-3030-49FF-966C-785F1A55F0C1}.Release|Any CPU.Build.0 = Release|Any CPU
		{AB1E46E0-1D5D-4BA7-83FB-F8BC7A44727E}.Debug|Any CPU.ActiveCfg = Debug|Any CPU
		{AB1E46E0-1D5D-4BA7-83FB-F8BC7A44727E}.Debug|Any CPU.Build.0 = Debug|Any CPU
		{AB1E46E0-1D5D-4BA7-83FB-F8BC7A44727E}.Release|Any CPU.ActiveCfg = Release|Any CPU
		{AB1E46E0-1D5D-4BA7-83FB-F8BC7A44727E}.Release|Any CPU.Build.0 = Release|Any CPU
		{C10FE317-15C6-4D65-9CF5-6ED24F8BEF53}.Debug|Any CPU.ActiveCfg = Debug|Any CPU
		{C10FE317-15C6-4D65-9CF5-6ED24F8BEF53}.Debug|Any CPU.Build.0 = Debug|Any CPU
		{C10FE317-15C6-4D65-9CF5-6ED24F8BEF53}.Release|Any CPU.ActiveCfg = Release|Any CPU
		{C10FE317-15C6-4D65-9CF5-6ED24F8BEF53}.Release|Any CPU.Build.0 = Release|Any CPU
	EndGlobalSection
	GlobalSection(SolutionProperties) = preSolution
		HideSolutionNode = FALSE
	EndGlobalSection
	GlobalSection(NestedProjects) = preSolution
		{D2AEDB8B-2C25-4108-8ED1-2E6C294A0923} = {80A9DA11-5C57-46C8-9B34-087FB663C3F8}
		{E3F2B2C8-6B8D-4D6A-A3AE-98366C9F3B49} = {80A9DA11-5C57-46C8-9B34-087FB663C3F8}
		{0F2424FF-7502-4BC7-87CD-A477B88FA054} = {80A9DA11-5C57-46C8-9B34-087FB663C3F8}
		{98FFC1DB-4E79-46E7-8A1B-883A96828EDD} = {B830A331-C534-454D-B917-6469850BF614}
		{EFBA6889-46BF-4C69-A933-8C17D2CD38CA} = {B830A331-C534-454D-B917-6469850BF614}
		{AB1E46E0-1D5D-4BA7-83FB-F8BC7A44727E} = {B830A331-C534-454D-B917-6469850BF614}
		{C10FE317-15C6-4D65-9CF5-6ED24F8BEF53} = {B830A331-C534-454D-B917-6469850BF614}
		{CAF02AD6-CF84-41E7-AAB1-F3BE31ECD66D} = {639967B0-0544-4C52-94AC-9A3D25E33256}
		{CA75D667-A785-4394-AA5C-3A6C658C23A7} = {639967B0-0544-4C52-94AC-9A3D25E33256}
		{158BAE27-1E61-4DE8-A409-D1FF09336F3D} = {639967B0-0544-4C52-94AC-9A3D25E33256}
		{C1EAB24F-CA88-4CD7-A7C4-8F2C0BD4380D} = {639967B0-0544-4C52-94AC-9A3D25E33256}
		{71B9C9BA-28D8-4073-B4D5-4B5512807FD0} = {639967B0-0544-4C52-94AC-9A3D25E33256}
		{0CC8477B-5761-4ED9-A2A1-40178F9639CA} = {0220B3D2-A03D-4555-8826-20566A71885D}
		{EB5A89CB-EF6C-47BE-8639-1F65FC61A64F} = {0220B3D2-A03D-4555-8826-20566A71885D}
		{51D2BBA3-1ACF-4BB8-8A40-61F45A0890E7} = {C2AF9E41-62C3-4B75-8FB5-D39C7FA56A40}
		{7F968A4A-F484-4403-972A-FBE7A529D232} = {C2AF9E41-62C3-4B75-8FB5-D39C7FA56A40}
		{6AA32612-A15A-412D-87DA-71F1AD8335E7} = {35F3CED4-2254-4212-90FE-2F05AED993F2}
		{8F25E102-8BA9-4D3C-8249-E6597369B96F} = {35F3CED4-2254-4212-90FE-2F05AED993F2}
		{56B62FE7-C1F6-4200-9B4C-2A1677E53D1A} = {35F3CED4-2254-4212-90FE-2F05AED993F2}
		{73AF0F6F-CC3B-4523-B641-A1E014C94333} = {3BE62B81-B69D-4E58-BF86-194E583CACEC}
		{09935BF4-AD38-47A4-82A2-E4F223814DE5} = {3BE62B81-B69D-4E58-BF86-194E583CACEC}
		{6A771BF9-CA3C-4234-9BF1-7B4AF1FBCCE9} = {3BE62B81-B69D-4E58-BF86-194E583CACEC}
		{EC7D4009-4908-458A-87AA-A1427508DBC0} = {3BE62B81-B69D-4E58-BF86-194E583CACEC}
		{9BE40362-9C57-46DB-90A3-E26CBE1A4F28} = {3BE62B81-B69D-4E58-BF86-194E583CACEC}
	EndGlobalSection
EndGlobal
