
Microsoft Visual Studio Solution File, Format Version 12.00
# Visual Studio 2012
Project("{FAE04EC0-301F-11D3-BF4B-00C04F79EFBC}") = "WebFrontEnd", "src\WebFrontEnd\WebFrontEnd.csproj", "{45974999-9C53-48AD-83B9-519ECC8AB8F4}"
EndProject
Project("{FAE04EC0-301F-11D3-BF4B-00C04F79EFBC}") = "SimpleBatch", "src\SimpleBatch\SimpleBatch.csproj", "{E3F2B2C8-6B8D-4D6A-A3AE-98366C9F3B49}"
EndProject
Project("{FAE04EC0-301F-11D3-BF4B-00C04F79EFBC}") = "OrchestratorUnitTests", "src\OrchestratorUnitTests\OrchestratorUnitTests.csproj", "{CA75D667-A785-4394-AA5C-3A6C658C23A7}"
EndProject
Project("{FAE04EC0-301F-11D3-BF4B-00C04F79EFBC}") = "LiveAzureTests", "src\LiveAzureTests\LiveAzureTests.csproj", "{CAF02AD6-CF84-41E7-AAB1-F3BE31ECD66D}"
EndProject
Project("{2150E333-8FDC-42A3-9474-1A3956D46DE8}") = "Tests", "Tests", "{639967B0-0544-4C52-94AC-9A3D25E33256}"
EndProject
Project("{FAE04EC0-301F-11D3-BF4B-00C04F79EFBC}") = "GauntletTest", "src\GauntletTest\GauntletTest.csproj", "{158BAE27-1E61-4DE8-A409-D1FF09336F3D}"
EndProject
Project("{FAE04EC0-301F-11D3-BF4B-00C04F79EFBC}") = "TriggerServiceUnitTests", "src\TriggerServiceUnitTests\TriggerServiceUnitTests.csproj", "{C1EAB24F-CA88-4CD7-A7C4-8F2C0BD4380D}"
EndProject
Project("{FAE04EC0-301F-11D3-BF4B-00C04F79EFBC}") = "Azure20SdkBinders", "src\Azure20SdkBinders\Azure20SdkBinders.csproj", "{56B62FE7-C1F6-4200-9B4C-2A1677E53D1A}"
EndProject
Project("{FAE04EC0-301F-11D3-BF4B-00C04F79EFBC}") = "Azure20SdkUnitTests", "src\Azure20SdkUnitTests\Azure20SdkUnitTests.csproj", "{71B9C9BA-28D8-4073-B4D5-4B5512807FD0}"
EndProject
Project("{FAE04EC0-301F-11D3-BF4B-00C04F79EFBC}") = "SimpleBatch.Host", "src\SimpleBatch.Host\SimpleBatch.Host.csproj", "{0E095CB2-3030-49FF-966C-785F1A55F0C1}"
EndProject
Global
	GlobalSection(SolutionConfigurationPlatforms) = preSolution
		Debug|Any CPU = Debug|Any CPU
		Release|Any CPU = Release|Any CPU
	EndGlobalSection
	GlobalSection(ProjectConfigurationPlatforms) = postSolution
		{45974999-9C53-48AD-83B9-519ECC8AB8F4}.Debug|Any CPU.ActiveCfg = Debug|Any CPU
		{45974999-9C53-48AD-83B9-519ECC8AB8F4}.Debug|Any CPU.Build.0 = Debug|Any CPU
		{45974999-9C53-48AD-83B9-519ECC8AB8F4}.Release|Any CPU.ActiveCfg = Release|Any CPU
		{45974999-9C53-48AD-83B9-519ECC8AB8F4}.Release|Any CPU.Build.0 = Release|Any CPU
		{E3F2B2C8-6B8D-4D6A-A3AE-98366C9F3B49}.Debug|Any CPU.ActiveCfg = Debug|Any CPU
		{E3F2B2C8-6B8D-4D6A-A3AE-98366C9F3B49}.Debug|Any CPU.Build.0 = Debug|Any CPU
		{E3F2B2C8-6B8D-4D6A-A3AE-98366C9F3B49}.Release|Any CPU.ActiveCfg = Release|Any CPU
		{E3F2B2C8-6B8D-4D6A-A3AE-98366C9F3B49}.Release|Any CPU.Build.0 = Release|Any CPU
		{CA75D667-A785-4394-AA5C-3A6C658C23A7}.Debug|Any CPU.ActiveCfg = Debug|Any CPU
		{CA75D667-A785-4394-AA5C-3A6C658C23A7}.Debug|Any CPU.Build.0 = Debug|Any CPU
		{CA75D667-A785-4394-AA5C-3A6C658C23A7}.Release|Any CPU.ActiveCfg = Release|Any CPU
		{CA75D667-A785-4394-AA5C-3A6C658C23A7}.Release|Any CPU.Build.0 = Release|Any CPU
		{CAF02AD6-CF84-41E7-AAB1-F3BE31ECD66D}.Debug|Any CPU.ActiveCfg = Debug|Any CPU
		{CAF02AD6-CF84-41E7-AAB1-F3BE31ECD66D}.Debug|Any CPU.Build.0 = Debug|Any CPU
		{CAF02AD6-CF84-41E7-AAB1-F3BE31ECD66D}.Release|Any CPU.ActiveCfg = Release|Any CPU
		{CAF02AD6-CF84-41E7-AAB1-F3BE31ECD66D}.Release|Any CPU.Build.0 = Release|Any CPU
		{158BAE27-1E61-4DE8-A409-D1FF09336F3D}.Debug|Any CPU.ActiveCfg = Debug|Any CPU
		{158BAE27-1E61-4DE8-A409-D1FF09336F3D}.Debug|Any CPU.Build.0 = Debug|Any CPU
		{158BAE27-1E61-4DE8-A409-D1FF09336F3D}.Release|Any CPU.ActiveCfg = Release|Any CPU
		{158BAE27-1E61-4DE8-A409-D1FF09336F3D}.Release|Any CPU.Build.0 = Release|Any CPU
		{C1EAB24F-CA88-4CD7-A7C4-8F2C0BD4380D}.Debug|Any CPU.ActiveCfg = Debug|Any CPU
		{C1EAB24F-CA88-4CD7-A7C4-8F2C0BD4380D}.Debug|Any CPU.Build.0 = Debug|Any CPU
		{C1EAB24F-CA88-4CD7-A7C4-8F2C0BD4380D}.Release|Any CPU.ActiveCfg = Release|Any CPU
		{C1EAB24F-CA88-4CD7-A7C4-8F2C0BD4380D}.Release|Any CPU.Build.0 = Release|Any CPU
		{56B62FE7-C1F6-4200-9B4C-2A1677E53D1A}.Debug|Any CPU.ActiveCfg = Debug|Any CPU
		{56B62FE7-C1F6-4200-9B4C-2A1677E53D1A}.Debug|Any CPU.Build.0 = Debug|Any CPU
		{56B62FE7-C1F6-4200-9B4C-2A1677E53D1A}.Release|Any CPU.ActiveCfg = Release|Any CPU
		{56B62FE7-C1F6-4200-9B4C-2A1677E53D1A}.Release|Any CPU.Build.0 = Release|Any CPU
		{71B9C9BA-28D8-4073-B4D5-4B5512807FD0}.Debug|Any CPU.ActiveCfg = Debug|Any CPU
		{71B9C9BA-28D8-4073-B4D5-4B5512807FD0}.Debug|Any CPU.Build.0 = Debug|Any CPU
		{71B9C9BA-28D8-4073-B4D5-4B5512807FD0}.Release|Any CPU.ActiveCfg = Release|Any CPU
		{71B9C9BA-28D8-4073-B4D5-4B5512807FD0}.Release|Any CPU.Build.0 = Release|Any CPU
		{0E095CB2-3030-49FF-966C-785F1A55F0C1}.Debug|Any CPU.ActiveCfg = Debug|Any CPU
		{0E095CB2-3030-49FF-966C-785F1A55F0C1}.Debug|Any CPU.Build.0 = Debug|Any CPU
		{0E095CB2-3030-49FF-966C-785F1A55F0C1}.Release|Any CPU.ActiveCfg = Release|Any CPU
		{0E095CB2-3030-49FF-966C-785F1A55F0C1}.Release|Any CPU.Build.0 = Release|Any CPU
	EndGlobalSection
	GlobalSection(SolutionProperties) = preSolution
		HideSolutionNode = FALSE
	EndGlobalSection
	GlobalSection(NestedProjects) = preSolution
		{CAF02AD6-CF84-41E7-AAB1-F3BE31ECD66D} = {639967B0-0544-4C52-94AC-9A3D25E33256}
		{CA75D667-A785-4394-AA5C-3A6C658C23A7} = {639967B0-0544-4C52-94AC-9A3D25E33256}
		{158BAE27-1E61-4DE8-A409-D1FF09336F3D} = {639967B0-0544-4C52-94AC-9A3D25E33256}
		{C1EAB24F-CA88-4CD7-A7C4-8F2C0BD4380D} = {639967B0-0544-4C52-94AC-9A3D25E33256}
		{71B9C9BA-28D8-4073-B4D5-4B5512807FD0} = {639967B0-0544-4C52-94AC-9A3D25E33256}
	EndGlobalSection
EndGlobal
