
Microsoft Visual Studio Solution File, Format Version 12.00
# Visual Studio 2013
VisualStudioVersion = 12.0.21005.1
MinimumVisualStudioVersion = 10.0.40219.1
Project("{FAE04EC0-301F-11D3-BF4B-00C04F79EFBC}") = "Jobs", "src\Microsoft.WindowsAzure.Jobs\Jobs.csproj", "{E3F2B2C8-6B8D-4D6A-A3AE-98366C9F3B49}"
EndProject
Project("{FAE04EC0-301F-11D3-BF4B-00C04F79EFBC}") = "Jobs.Host", "src\Microsoft.WindowsAzure.Jobs.Host\Jobs.Host.csproj", "{0E095CB2-3030-49FF-966C-785F1A55F0C1}"
EndProject
Project("{2150E333-8FDC-42A3-9474-1A3956D46DE8}") = ".nuget", ".nuget", "{CC88EECD-BF02-4964-BF5B-0C808420E0C2}"
	ProjectSection(SolutionItems) = preProject
		.nuget\packages.config = .nuget\packages.config
	EndProjectSection
EndProject
Project("{2150E333-8FDC-42A3-9474-1A3956D46DE8}") = "src", "src", "{05D307A7-FE54-462A-94CF-78A50496C67F}"
EndProject
Project("{FAE04EC0-301F-11D3-BF4B-00C04F79EFBC}") = "Jobs.Host.FunctionChainingScenario", "perf\FunctionChainingScenario\Jobs.Host.FunctionChainingScenario.csproj", "{34D23554-5482-4B3D-B65F-46DFF5AF1684}"
EndProject
Global
	GlobalSection(SolutionConfigurationPlatforms) = preSolution
		Debug|Any CPU = Debug|Any CPU
		Release|Any CPU = Release|Any CPU
	EndGlobalSection
	GlobalSection(ProjectConfigurationPlatforms) = postSolution
		{E3F2B2C8-6B8D-4D6A-A3AE-98366C9F3B49}.Debug|Any CPU.ActiveCfg = Debug|Any CPU
		{E3F2B2C8-6B8D-4D6A-A3AE-98366C9F3B49}.Debug|Any CPU.Build.0 = Debug|Any CPU
		{E3F2B2C8-6B8D-4D6A-A3AE-98366C9F3B49}.Release|Any CPU.ActiveCfg = Release|Any CPU
		{E3F2B2C8-6B8D-4D6A-A3AE-98366C9F3B49}.Release|Any CPU.Build.0 = Release|Any CPU
		{0E095CB2-3030-49FF-966C-785F1A55F0C1}.Debug|Any CPU.ActiveCfg = Debug|Any CPU
		{0E095CB2-3030-49FF-966C-785F1A55F0C1}.Debug|Any CPU.Build.0 = Debug|Any CPU
		{0E095CB2-3030-49FF-966C-785F1A55F0C1}.Release|Any CPU.ActiveCfg = Release|Any CPU
		{0E095CB2-3030-49FF-966C-785F1A55F0C1}.Release|Any CPU.Build.0 = Release|Any CPU
		{34D23554-5482-4B3D-B65F-46DFF5AF1684}.Debug|Any CPU.ActiveCfg = Debug|Any CPU
		{34D23554-5482-4B3D-B65F-46DFF5AF1684}.Debug|Any CPU.Build.0 = Debug|Any CPU
		{34D23554-5482-4B3D-B65F-46DFF5AF1684}.Release|Any CPU.ActiveCfg = Release|Any CPU
		{34D23554-5482-4B3D-B65F-46DFF5AF1684}.Release|Any CPU.Build.0 = Release|Any CPU
	EndGlobalSection
	GlobalSection(SolutionProperties) = preSolution
		HideSolutionNode = FALSE
	EndGlobalSection
	GlobalSection(NestedProjects) = preSolution
		{E3F2B2C8-6B8D-4D6A-A3AE-98366C9F3B49} = {05D307A7-FE54-462A-94CF-78A50496C67F}
		{0E095CB2-3030-49FF-966C-785F1A55F0C1} = {05D307A7-FE54-462A-94CF-78A50496C67F}
	EndGlobalSection
EndGlobal
