
Microsoft Visual Studio Solution File, Format Version 12.00
# Visual Studio Version 17
VisualStudioVersion = 17.5.002.0
MinimumVisualStudioVersion = 10.0.40219.1
Project("{9A19103F-16F7-4668-BE54-9A1E7A4F7556}") = "WebJobs.Script.Tests", "WebJobs.Script.Tests.csproj", "{863A0D1D-4CF6-4824-AF6D-F6574263AD8F}"
EndProject
Global
	GlobalSection(SolutionConfigurationPlatforms) = preSolution
		Debug|Any CPU = Debug|Any CPU
		Release|Any CPU = Release|Any CPU
	EndGlobalSection
	GlobalSection(ProjectConfigurationPlatforms) = postSolution
		{863A0D1D-4CF6-4824-AF6D-F6574263AD8F}.Debug|Any CPU.ActiveCfg = Debug|Any CPU
		{863A0D1D-4CF6-4824-AF6D-F6574263AD8F}.Debug|Any CPU.Build.0 = Debug|Any CPU
		{863A0D1D-4CF6-4824-AF6D-F6574263AD8F}.Release|Any CPU.ActiveCfg = Release|Any CPU
		{863A0D1D-4CF6-4824-AF6D-F6574263AD8F}.Release|Any CPU.Build.0 = Release|Any CPU
	EndGlobalSection
	GlobalSection(SolutionProperties) = preSolution
		HideSolutionNode = FALSE
	EndGlobalSection
	GlobalSection(ExtensibilityGlobals) = postSolution
		SolutionGuid = {06270A15-65F7-4EBA-BF1E-13330B4EF872}
	EndGlobalSection
EndGlobal
