
Microsoft Visual Studio Solution File, Format Version 12.00
# Visual Studio Version 18
VisualStudioVersion = 18.3.11520.95 d18.3
MinimumVisualStudioVersion = 10.0.40219.1
Project("{2150E333-8FDC-42A3-9474-1A3956D46DE8}") = "src", "src", "{84CB62F0-D4BA-4A5F-B0A2-3732932BFE82}"
EndProject
Project("{FAE04EC0-301F-11D3-BF4B-00C04F79EFBC}") = "Functions.WorkerProxy", "..\..\src\Functions.WorkerProxy\Functions.WorkerProxy.csproj", "{3A511E89-ABB3-4BF3-A562-D243DADC0960}"
EndProject
Project("{FAE04EC0-301F-11D3-BF4B-00C04F79EFBC}") = "WebJobs.Script", "..\..\src\WebJobs.Script\WebJobs.Script.csproj", "{8B8E76B3-C5BC-4ED6-B6FF-C18888B22816}"
EndProject
Project("{FAE04EC0-301F-11D3-BF4B-00C04F79EFBC}") = "WebJobs.Script.Grpc", "..\..\src\WebJobs.Script.Grpc\WebJobs.Script.Grpc.csproj", "{9B773EF9-2133-4A77-B1D1-E4E88B1061D5}"
EndProject
Project("{FAE04EC0-301F-11D3-BF4B-00C04F79EFBC}") = "WebJobs.Script.WebHost", "..\..\src\WebJobs.Script.WebHost\WebJobs.Script.WebHost.csproj", "{49B11084-9350-4E3C-B69A-2C6DEBBCB489}"
EndProject
Project("{2150E333-8FDC-42A3-9474-1A3956D46DE8}") = "tools", "tools", "{110948B0-49A1-43AF-92E2-E365440C82F8}"
EndProject
Project("{FAE04EC0-301F-11D3-BF4B-00C04F79EFBC}") = "AppHost", "AppHost\AppHost.csproj", "{E07A9874-7159-4079-B1D3-40DC787B0CF6}"
EndProject
Project("{FAE04EC0-301F-11D3-BF4B-00C04F79EFBC}") = "MockWorker", "MockWorker\MockWorker.csproj", "{4D9D96A9-609F-4737-9D3C-40D68D19E6D2}"
EndProject
Project("{2150E333-8FDC-42A3-9474-1A3956D46DE8}") = "test", "test", "{8879BC11-7F71-421D-AC0A-D8320E41E08E}"
EndProject
Project("{FAE04EC0-301F-11D3-BF4B-00C04F79EFBC}") = "Functions.WorkerProxy.Tests", "..\..\test\Functions.WorkerProxy.Tests\Functions.WorkerProxy.Tests.csproj", "{3268F41E-5EB5-4AD6-935D-B33FC8AF1803}"
EndProject
Project("{FAE04EC0-301F-11D3-BF4B-00C04F79EFBC}") = "WebJobs.Script.Tests", "..\..\test\WebJobs.Script.Tests\WebJobs.Script.Tests.csproj", "{4ACB3CF8-D73C-4DFA-B854-DAEBB4052998}"
EndProject
Project("{FAE04EC0-301F-11D3-BF4B-00C04F79EFBC}") = "WebJobs.Script.Tests.Integration", "..\..\test\WebJobs.Script.Tests.Integration\WebJobs.Script.Tests.Integration.csproj", "{1070B9E9-DD48-4580-957E-96F65E3EB3FF}"
EndProject
Project("{FAE04EC0-301F-11D3-BF4B-00C04F79EFBC}") = "WebJobs.Script.Tests.Shared", "..\..\test\WebJobs.Script.Tests.Shared\WebJobs.Script.Tests.Shared.csproj", "{C6632E20-394A-4306-AE5F-78AEBC016565}"
EndProject
Global
	GlobalSection(SolutionConfigurationPlatforms) = preSolution
		Debug|Any CPU = Debug|Any CPU
		Release|Any CPU = Release|Any CPU
	EndGlobalSection
	GlobalSection(ProjectConfigurationPlatforms) = postSolution
		{3A511E89-ABB3-4BF3-A562-D243DADC0960}.Debug|Any CPU.ActiveCfg = Debug|Any CPU
		{3A511E89-ABB3-4BF3-A562-D243DADC0960}.Debug|Any CPU.Build.0 = Debug|Any CPU
		{3A511E89-ABB3-4BF3-A562-D243DADC0960}.Release|Any CPU.ActiveCfg = Release|Any CPU
		{3A511E89-ABB3-4BF3-A562-D243DADC0960}.Release|Any CPU.Build.0 = Release|Any CPU
		{8B8E76B3-C5BC-4ED6-B6FF-C18888B22816}.Debug|Any CPU.ActiveCfg = Debug|Any CPU
		{8B8E76B3-C5BC-4ED6-B6FF-C18888B22816}.Debug|Any CPU.Build.0 = Debug|Any CPU
		{8B8E76B3-C5BC-4ED6-B6FF-C18888B22816}.Release|Any CPU.ActiveCfg = Release|Any CPU
		{8B8E76B3-C5BC-4ED6-B6FF-C18888B22816}.Release|Any CPU.Build.0 = Release|Any CPU
		{9B773EF9-2133-4A77-B1D1-E4E88B1061D5}.Debug|Any CPU.ActiveCfg = Debug|Any CPU
		{9B773EF9-2133-4A77-B1D1-E4E88B1061D5}.Debug|Any CPU.Build.0 = Debug|Any CPU
		{9B773EF9-2133-4A77-B1D1-E4E88B1061D5}.Release|Any CPU.ActiveCfg = Release|Any CPU
		{9B773EF9-2133-4A77-B1D1-E4E88B1061D5}.Release|Any CPU.Build.0 = Release|Any CPU
		{49B11084-9350-4E3C-B69A-2C6DEBBCB489}.Debug|Any CPU.ActiveCfg = Debug|Any CPU
		{49B11084-9350-4E3C-B69A-2C6DEBBCB489}.Debug|Any CPU.Build.0 = Debug|Any CPU
		{49B11084-9350-4E3C-B69A-2C6DEBBCB489}.Release|Any CPU.ActiveCfg = Release|Any CPU
		{49B11084-9350-4E3C-B69A-2C6DEBBCB489}.Release|Any CPU.Build.0 = Release|Any CPU
		{E07A9874-7159-4079-B1D3-40DC787B0CF6}.Debug|Any CPU.ActiveCfg = Debug|Any CPU
		{E07A9874-7159-4079-B1D3-40DC787B0CF6}.Debug|Any CPU.Build.0 = Debug|Any CPU
		{E07A9874-7159-4079-B1D3-40DC787B0CF6}.Release|Any CPU.ActiveCfg = Release|Any CPU
		{E07A9874-7159-4079-B1D3-40DC787B0CF6}.Release|Any CPU.Build.0 = Release|Any CPU
		{4D9D96A9-609F-4737-9D3C-40D68D19E6D2}.Debug|Any CPU.ActiveCfg = Debug|Any CPU
		{4D9D96A9-609F-4737-9D3C-40D68D19E6D2}.Debug|Any CPU.Build.0 = Debug|Any CPU
		{4D9D96A9-609F-4737-9D3C-40D68D19E6D2}.Release|Any CPU.ActiveCfg = Release|Any CPU
		{4D9D96A9-609F-4737-9D3C-40D68D19E6D2}.Release|Any CPU.Build.0 = Release|Any CPU
		{3268F41E-5EB5-4AD6-935D-B33FC8AF1803}.Debug|Any CPU.ActiveCfg = Debug|Any CPU
		{3268F41E-5EB5-4AD6-935D-B33FC8AF1803}.Debug|Any CPU.Build.0 = Debug|Any CPU
		{3268F41E-5EB5-4AD6-935D-B33FC8AF1803}.Release|Any CPU.ActiveCfg = Release|Any CPU
		{3268F41E-5EB5-4AD6-935D-B33FC8AF1803}.Release|Any CPU.Build.0 = Release|Any CPU
		{4ACB3CF8-D73C-4DFA-B854-DAEBB4052998}.Debug|Any CPU.ActiveCfg = Debug|Any CPU
		{4ACB3CF8-D73C-4DFA-B854-DAEBB4052998}.Debug|Any CPU.Build.0 = Debug|Any CPU
		{4ACB3CF8-D73C-4DFA-B854-DAEBB4052998}.Release|Any CPU.ActiveCfg = Release|Any CPU
		{4ACB3CF8-D73C-4DFA-B854-DAEBB4052998}.Release|Any CPU.Build.0 = Release|Any CPU
		{1070B9E9-DD48-4580-957E-96F65E3EB3FF}.Debug|Any CPU.ActiveCfg = Debug|Any CPU
		{1070B9E9-DD48-4580-957E-96F65E3EB3FF}.Debug|Any CPU.Build.0 = Debug|Any CPU
		{1070B9E9-DD48-4580-957E-96F65E3EB3FF}.Release|Any CPU.ActiveCfg = Release|Any CPU
		{1070B9E9-DD48-4580-957E-96F65E3EB3FF}.Release|Any CPU.Build.0 = Release|Any CPU
		{C6632E20-394A-4306-AE5F-78AEBC016565}.Debug|Any CPU.ActiveCfg = Debug|Any CPU
		{C6632E20-394A-4306-AE5F-78AEBC016565}.Debug|Any CPU.Build.0 = Debug|Any CPU
		{C6632E20-394A-4306-AE5F-78AEBC016565}.Release|Any CPU.ActiveCfg = Release|Any CPU
		{C6632E20-394A-4306-AE5F-78AEBC016565}.Release|Any CPU.Build.0 = Release|Any CPU
	EndGlobalSection
	GlobalSection(SolutionProperties) = preSolution
		HideSolutionNode = FALSE
	EndGlobalSection
	GlobalSection(NestedProjects) = preSolution
		{3A511E89-ABB3-4BF3-A562-D243DADC0960} = {84CB62F0-D4BA-4A5F-B0A2-3732932BFE82}
		{8B8E76B3-C5BC-4ED6-B6FF-C18888B22816} = {84CB62F0-D4BA-4A5F-B0A2-3732932BFE82}
		{9B773EF9-2133-4A77-B1D1-E4E88B1061D5} = {84CB62F0-D4BA-4A5F-B0A2-3732932BFE82}
		{49B11084-9350-4E3C-B69A-2C6DEBBCB489} = {84CB62F0-D4BA-4A5F-B0A2-3732932BFE82}
		{E07A9874-7159-4079-B1D3-40DC787B0CF6} = {110948B0-49A1-43AF-92E2-E365440C82F8}
		{4D9D96A9-609F-4737-9D3C-40D68D19E6D2} = {110948B0-49A1-43AF-92E2-E365440C82F8}
		{3268F41E-5EB5-4AD6-935D-B33FC8AF1803} = {8879BC11-7F71-421D-AC0A-D8320E41E08E}
		{4ACB3CF8-D73C-4DFA-B854-DAEBB4052998} = {8879BC11-7F71-421D-AC0A-D8320E41E08E}
		{1070B9E9-DD48-4580-957E-96F65E3EB3FF} = {8879BC11-7F71-421D-AC0A-D8320E41E08E}
		{C6632E20-394A-4306-AE5F-78AEBC016565} = {8879BC11-7F71-421D-AC0A-D8320E41E08E}
	EndGlobalSection
	GlobalSection(ExtensibilityGlobals) = postSolution
		SolutionGuid = {B3516E8F-8A8F-450B-96BB-ED1720699710}
	EndGlobalSection
EndGlobal
