
Microsoft Visual Studio Solution File, Format Version 12.00
# Visual Studio 15
VisualStudioVersion = 15.0.27130.2010
MinimumVisualStudioVersion = 10.0.40219.1
Project("{9A19103F-16F7-4668-BE54-9A1E7A4F7556}") = "ExtensionsMetadataGenerator", "src\ExtensionsMetadataGenerator\ExtensionsMetadataGenerator.csproj", "{18D4920B-5C4B-4519-81A5-F4A3B17B81FB}"
EndProject
Project("{9A19103F-16F7-4668-BE54-9A1E7A4F7556}") = "ExtensionsMetadataGenerator.Console", "src\ExtensionsMetadataGenerator.Console\ExtensionsMetadataGenerator.Console.csproj", "{932CEE19-3EB2-4747-BE86-1D2E0AE3A6D7}"
EndProject
Global
	GlobalSection(SolutionConfigurationPlatforms) = preSolution
		Debug|Any CPU = Debug|Any CPU
		Release|Any CPU = Release|Any CPU
	EndGlobalSection
	GlobalSection(ProjectConfigurationPlatforms) = postSolution
		{18D4920B-5C4B-4519-81A5-F4A3B17B81FB}.Debug|Any CPU.ActiveCfg = Debug|Any CPU
		{18D4920B-5C4B-4519-81A5-F4A3B17B81FB}.Debug|Any CPU.Build.0 = Debug|Any CPU
		{18D4920B-5C4B-4519-81A5-F4A3B17B81FB}.Release|Any CPU.ActiveCfg = Release|Any CPU
		{18D4920B-5C4B-4519-81A5-F4A3B17B81FB}.Release|Any CPU.Build.0 = Release|Any CPU
		{932CEE19-3EB2-4747-BE86-1D2E0AE3A6D7}.Debug|Any CPU.ActiveCfg = Debug|Any CPU
		{932CEE19-3EB2-4747-BE86-1D2E0AE3A6D7}.Debug|Any CPU.Build.0 = Debug|Any CPU
		{932CEE19-3EB2-4747-BE86-1D2E0AE3A6D7}.Release|Any CPU.ActiveCfg = Release|Any CPU
		{932CEE19-3EB2-4747-BE86-1D2E0AE3A6D7}.Release|Any CPU.Build.0 = Release|Any CPU
	EndGlobalSection
	GlobalSection(SolutionProperties) = preSolution
		HideSolutionNode = FALSE
	EndGlobalSection
	GlobalSection(ExtensibilityGlobals) = postSolution
		SolutionGuid = {65243117-E307-4B31-89C2-15AE0F6CD30B}
	EndGlobalSection
EndGlobal
