
Microsoft Visual Studio Solution File, Format Version 12.00
# Visual Studio 15
VisualStudioVersion = 15.0.28010.2019
MinimumVisualStudioVersion = 10.0.40219.1
Project("{9A19103F-16F7-4668-BE54-9A1E7A4F7556}") = "WebJobs.Script.Performance.App", "WebJobs.Script.Performance.App\WebJobs.Script.Performance.App.csproj", "{2C8CAC30-387A-4020-BAB5-274FDB0FED1D}"
EndProject
Project("{D954291E-2A0B-460D-934E-DC6B0785DB48}") = "WebJobs.Script.Tests.E2E.Shared", "..\..\test\WebJobs.Script.Tests.E2E.Shared\WebJobs.Script.Tests.E2E.Shared.shproj", "{82D61060-8774-491C-9D73-9798A34C2399}"
EndProject
Project("{9A19103F-16F7-4668-BE54-9A1E7A4F7556}") = "WebJobs.Script.Tests.Perf.Dashboard", "WebJobs.Script.Performance.Dashboard\WebJobs.Script.Tests.Perf.Dashboard.csproj", "{B502B09E-C0E2-475F-9421-83BC45EB0511}"
EndProject
Global
	GlobalSection(SharedMSBuildProjectFiles) = preSolution
		..\..\test\WebJobs.Script.Tests.E2E.Shared\WebJobs.Script.Tests.E2E.Shared.projitems*{82d61060-8774-491c-9d73-9798a34c2399}*SharedItemsImports = 13
	EndGlobalSection
	GlobalSection(SolutionConfigurationPlatforms) = preSolution
		Debug|Any CPU = Debug|Any CPU
		Release|Any CPU = Release|Any CPU
	EndGlobalSection
	GlobalSection(ProjectConfigurationPlatforms) = postSolution
		{2C8CAC30-387A-4020-BAB5-274FDB0FED1D}.Debug|Any CPU.ActiveCfg = Debug|Any CPU
		{2C8CAC30-387A-4020-BAB5-274FDB0FED1D}.Debug|Any CPU.Build.0 = Debug|Any CPU
		{2C8CAC30-387A-4020-BAB5-274FDB0FED1D}.Release|Any CPU.ActiveCfg = Release|Any CPU
		{2C8CAC30-387A-4020-BAB5-274FDB0FED1D}.Release|Any CPU.Build.0 = Release|Any CPU
		{B502B09E-C0E2-475F-9421-83BC45EB0511}.Debug|Any CPU.ActiveCfg = Debug|Any CPU
		{B502B09E-C0E2-475F-9421-83BC45EB0511}.Debug|Any CPU.Build.0 = Debug|Any CPU
		{B502B09E-C0E2-475F-9421-83BC45EB0511}.Release|Any CPU.ActiveCfg = Release|Any CPU
		{B502B09E-C0E2-475F-9421-83BC45EB0511}.Release|Any CPU.Build.0 = Release|Any CPU
	EndGlobalSection
	GlobalSection(SolutionProperties) = preSolution
		HideSolutionNode = FALSE
	EndGlobalSection
	GlobalSection(ExtensibilityGlobals) = postSolution
		SolutionGuid = {1C20EE81-F2A2-4F8A-ACB4-384E534D1000}
	EndGlobalSection
EndGlobal
