
Microsoft Visual Studio Solution File, Format Version 12.00
# Visual Studio Version 17
VisualStudioVersion = 17.12.35527.113 d17.12
MinimumVisualStudioVersion = 10.0.40219.1
Project("{FAE04EC0-301F-11D3-BF4B-00C04F79EFBC}") = "AspNetBenchmark", "AspNetBenchmark\AspNetBenchmark.csproj", "{DE9DA551-1E9C-415C-B000-0C5C3D767A65}"
EndProject
Global
	GlobalSection(SolutionConfigurationPlatforms) = preSolution
		Debug|Any CPU = Debug|Any CPU
		Release|Any CPU = Release|Any CPU
	EndGlobalSection
	GlobalSection(ProjectConfigurationPlatforms) = postSolution
		{DE9DA551-1E9C-415C-B000-0C5C3D767A65}.Debug|Any CPU.ActiveCfg = Debug|Any CPU
		{DE9DA551-1E9C-415C-B000-0C5C3D767A65}.Debug|Any CPU.Build.0 = Debug|Any CPU
		{DE9DA551-1E9C-415C-B000-0C5C3D767A65}.Release|Any CPU.ActiveCfg = Release|Any CPU
		{DE9DA551-1E9C-415C-B000-0C5C3D767A65}.Release|Any CPU.Build.0 = Release|Any CPU
	EndGlobalSection
	GlobalSection(SolutionProperties) = preSolution
		HideSolutionNode = FALSE
	EndGlobalSection
EndGlobal
