RESTRICTION: == net471
NUGET
  remote: https://www.nuget.org/api/v2
    Autofac (4.2.1)
    Autofac.WebApi2 (4.0.1)
      Autofac (>= 3.5 < 5.0)
      Microsoft.AspNet.WebApi.Core (>= 5.2 < 6.0)
    EnterpriseLibrary.TransientFaultHandling (6.0.1304)
    Microsoft.ApplicationInsights (2.4)
      System.Diagnostics.DiagnosticSource (>= 4.4)
    Microsoft.ApplicationInsights.Agent.Intercept (2.4)
    Microsoft.ApplicationInsights.DependencyCollector (2.4.1)
      Microsoft.ApplicationInsights (2.4)
      Microsoft.ApplicationInsights.Agent.Intercept (>= 2.4)
      System.Diagnostics.DiagnosticSource (>= 4.4)
    Microsoft.ApplicationInsights.PerfCounterCollector (2.4.1)
      Microsoft.ApplicationInsights (2.4)
    Microsoft.ApplicationInsights.WindowsServer (2.4.1)
      Microsoft.ApplicationInsights (2.4)
      Microsoft.ApplicationInsights.DependencyCollector (>= 2.4.1)
      Microsoft.ApplicationInsights.PerfCounterCollector (>= 2.4.1)
      Microsoft.ApplicationInsights.WindowsServer.TelemetryChannel (2.4)
    Microsoft.ApplicationInsights.WindowsServer.TelemetryChannel (2.4)
      Microsoft.ApplicationInsights (2.4)
    Microsoft.AspNet.WebApi (5.2.3)
      Microsoft.AspNet.WebApi.WebHost (>= 5.2.3 < 5.3)
    Microsoft.AspNet.WebApi.Client (5.2.3)
      Newtonsoft.Json (>= 6.0.4)
    Microsoft.AspNet.WebApi.Core (5.2.3)
      Microsoft.AspNet.WebApi.Client (>= 5.2.3)
    Microsoft.AspNet.WebApi.WebHost (5.2.3)
      Microsoft.AspNet.WebApi.Core (>= 5.2.3 < 5.3)
    Microsoft.AspNet.WebHooks.Common (1.2)
      Microsoft.AspNet.WebApi.Core (>= 5.2.2)
    Microsoft.AspNet.WebHooks.Receivers (1.2)
      Microsoft.AspNet.WebApi.Core (>= 5.2.2)
      Microsoft.AspNet.WebHooks.Common (>= 1.2)
    Microsoft.AspNet.WebHooks.Receivers.Azure (1.2)
      Microsoft.AspNet.WebApi.Core (>= 5.2.2)
      Microsoft.AspNet.WebHooks.Common (>= 1.2)
      Microsoft.AspNet.WebHooks.Receivers (>= 1.2)
    Microsoft.AspNet.WebHooks.Receivers.Bitbucket (1.2)
      Microsoft.AspNet.WebApi.Core (>= 5.2.2)
      Microsoft.AspNet.WebHooks.Common (>= 1.2)
      Microsoft.AspNet.WebHooks.Receivers (>= 1.2)
    Microsoft.AspNet.WebHooks.Receivers.Dropbox (1.2)
      Microsoft.AspNet.WebApi.Core (>= 5.2.2)
      Microsoft.AspNet.WebHooks.Common (>= 1.2)
      Microsoft.AspNet.WebHooks.Receivers (>= 1.2)
    Microsoft.AspNet.WebHooks.Receivers.DynamicsCRM (1.2)
      Microsoft.AspNet.WebApi.Core (>= 5.2.2)
      Microsoft.AspNet.WebHooks.Common (>= 1.2)
      Microsoft.AspNet.WebHooks.Receivers (>= 1.2)
    Microsoft.AspNet.WebHooks.Receivers.Generic (1.2)
      Microsoft.AspNet.WebApi.Core (>= 5.2.2)
      Microsoft.AspNet.WebHooks.Common (>= 1.2)
      Microsoft.AspNet.WebHooks.Receivers (>= 1.2)
    Microsoft.AspNet.WebHooks.Receivers.GitHub (1.2)
      Microsoft.AspNet.WebApi.Core (>= 5.2.2)
      Microsoft.AspNet.WebHooks.Common (>= 1.2)
      Microsoft.AspNet.WebHooks.Receivers (>= 1.2)
    Microsoft.AspNet.WebHooks.Receivers.Instagram (1.2)
      Microsoft.AspNet.WebApi.Core (>= 5.2.2)
      Microsoft.AspNet.WebHooks.Common (>= 1.2)
      Microsoft.AspNet.WebHooks.Receivers (>= 1.2)
    Microsoft.AspNet.WebHooks.Receivers.MailChimp (1.2)
      Microsoft.AspNet.WebApi.Core (>= 5.2.2)
      Microsoft.AspNet.WebHooks.Common (>= 1.2)
      Microsoft.AspNet.WebHooks.Receivers (>= 1.2)
    Microsoft.AspNet.WebHooks.Receivers.Pusher (1.2)
      Microsoft.AspNet.WebApi.Core (>= 5.2.2)
      Microsoft.AspNet.WebHooks.Common (>= 1.2)
      Microsoft.AspNet.WebHooks.Receivers (>= 1.2)
    Microsoft.AspNet.WebHooks.Receivers.Salesforce (1.2)
      Microsoft.AspNet.WebApi.Core (>= 5.2.2)
      Microsoft.AspNet.WebHooks.Common (>= 1.2)
      Microsoft.AspNet.WebHooks.Receivers (>= 1.2)
    Microsoft.AspNet.WebHooks.Receivers.Slack (1.2)
      Microsoft.AspNet.WebApi.Core (>= 5.2.2)
      Microsoft.AspNet.WebHooks.Common (>= 1.2)
      Microsoft.AspNet.WebHooks.Receivers (>= 1.2)
    Microsoft.AspNet.WebHooks.Receivers.Stripe (1.2)
      Microsoft.AspNet.WebApi.Core (>= 5.2.2)
      Microsoft.AspNet.WebHooks.Common (>= 1.2)
      Microsoft.AspNet.WebHooks.Receivers (>= 1.2)
    Microsoft.AspNet.WebHooks.Receivers.Trello (1.2)
      Microsoft.AspNet.WebApi.Core (>= 5.2.2)
      Microsoft.AspNet.WebHooks.Common (>= 1.2)
      Microsoft.AspNet.WebHooks.Receivers (>= 1.2)
    Microsoft.AspNet.WebHooks.Receivers.WordPress (1.2)
      Microsoft.AspNet.WebApi.Core (>= 5.2.2)
      Microsoft.AspNet.WebHooks.Common (>= 1.2)
      Microsoft.AspNet.WebHooks.Receivers (>= 1.2)
    Microsoft.AspNetCore.Cryptography.Internal (1.0.2)
    Microsoft.AspNetCore.DataProtection (1.0.2)
      Microsoft.AspNetCore.Cryptography.Internal (>= 1.0.2)
      Microsoft.AspNetCore.DataProtection.Abstractions (>= 1.0.2)
      Microsoft.AspNetCore.Hosting.Abstractions (>= 1.0.2)
      Microsoft.Extensions.DependencyInjection.Abstractions (>= 1.0.2)
      Microsoft.Extensions.Logging.Abstractions (>= 1.0.2)
      Microsoft.Extensions.Options (>= 1.0.2)
    Microsoft.AspNetCore.DataProtection.Abstractions (1.0.2)
    Microsoft.AspNetCore.Hosting.Abstractions (1.0.2)
      Microsoft.AspNetCore.Hosting.Server.Abstractions (>= 1.0.2)
      Microsoft.AspNetCore.Http.Abstractions (>= 1.0.2)
      Microsoft.Extensions.Configuration.Abstractions (>= 1.0.2)
      Microsoft.Extensions.DependencyInjection.Abstractions (>= 1.0.2)
      Microsoft.Extensions.FileProviders.Abstractions (>= 1.0.1)
      Microsoft.Extensions.Logging.Abstractions (>= 1.0.2)
    Microsoft.AspNetCore.Hosting.Server.Abstractions (1.0.2)
      Microsoft.AspNetCore.Http.Features (>= 1.0.2)
      Microsoft.Extensions.Configuration.Abstractions (>= 1.0.2)
    Microsoft.AspNetCore.Http.Abstractions (1.0.2)
      Microsoft.AspNetCore.Http.Features (>= 1.0.2)
      System.Text.Encodings.Web (>= 4.0)
    Microsoft.AspNetCore.Http.Features (1.0.2)
      Microsoft.Extensions.Primitives (>= 1.0.1)
    Microsoft.AspNetCore.WebUtilities (1.0)
      Microsoft.Extensions.Primitives (>= 1.0)
      System.Buffers (>= 4.0)
      System.Text.Encodings.Web (>= 4.0)
    Microsoft.Azure.ApiHub.Sdk (0.7.2-alpha)
      Microsoft.AspNet.WebApi.Client (>= 5.2.3)
      Newtonsoft.Json (>= 6.0.4)
    Microsoft.Azure.DocumentDB (1.13.2)
      Newtonsoft.Json (>= 6.0.8)
    Microsoft.Azure.DocumentDB.ChangeFeedProcessor (1.1.1)
      Microsoft.Azure.DocumentDB (>= 1.13.2)
      Newtonsoft.Json (>= 9.0.1)
    Microsoft.Azure.KeyVault.Core (1.0)
    Microsoft.Azure.Mobile.Client (3.1)
      Microsoft.Bcl (>= 1.1.10)
      Microsoft.Bcl.Build (>= 1.0.21)
      Microsoft.Net.Http (>= 2.2.29)
      Newtonsoft.Json (>= 6.0.4)
    Microsoft.Azure.NotificationHubs (1.0.7)
      Microsoft.WindowsAzure.ConfigurationManager
      Newtonsoft.Json (>= 8.0.2)
    Microsoft.Azure.ServiceBus.EventProcessorHost (2.2.10)
      Newtonsoft.Json (>= 6.0.8)
      WindowsAzure.ServiceBus (>= 3.4.5)
      WindowsAzure.Storage (>= 4.3)
    Microsoft.Azure.WebJobs.Extensions.BotFramework (1.0.15-beta)
      Microsoft.Azure.WebJobs (>= 2.1.0-beta1-10762)
      Microsoft.Azure.WebJobs.Core (>= 2.1.0-beta1-10762)
      Microsoft.Extensions.Logging.Abstractions (>= 1.1.1)
      Microsoft.NETCore.Platforms (>= 1.1)
      Microsoft.Win32.Primitives (>= 4.3)
      NETStandard.Library (>= 1.6.1)
      System.AppContext (>= 4.3)
      System.Collections (>= 4.3)
      System.Collections.Concurrent (>= 4.3)
      System.Console (>= 4.3)
      System.Diagnostics.Debug (>= 4.3)
      System.Diagnostics.DiagnosticSource (>= 4.3)
      System.Diagnostics.Tools (>= 4.3)
      System.Diagnostics.Tracing (>= 4.3)
      System.Globalization (>= 4.3)
      System.Globalization.Calendars (>= 4.3)
      System.IO (>= 4.3)
      System.IO.Compression (>= 4.3)
      System.IO.Compression.ZipFile (>= 4.3)
      System.IO.FileSystem (>= 4.3)
      System.IO.FileSystem.Primitives (>= 4.3)
      System.Linq (>= 4.3)
      System.Linq.Expressions (>= 4.3)
      System.Net.Http (>= 4.3)
      System.Net.Primitives (>= 4.3)
      System.Net.Sockets (>= 4.3)
      System.ObjectModel (>= 4.3)
      System.Reflection (>= 4.3)
      System.Reflection.Extensions (>= 4.3)
      System.Reflection.Primitives (>= 4.3)
      System.Resources.ResourceManager (>= 4.3)
      System.Runtime (>= 4.3)
      System.Runtime.Extensions (>= 4.3)
      System.Runtime.Handles (>= 4.3)
      System.Runtime.InteropServices (>= 4.3)
      System.Runtime.InteropServices.RuntimeInformation (>= 4.3)
      System.Runtime.Numerics (>= 4.3)
      System.Security.Cryptography.Algorithms (>= 4.3)
      System.Security.Cryptography.Encoding (>= 4.3)
      System.Security.Cryptography.Primitives (>= 4.3)
      System.Security.Cryptography.X509Certificates (>= 4.3)
      System.Text.Encoding (>= 4.3)
      System.Text.Encoding.Extensions (>= 4.3)
      System.Text.RegularExpressions (>= 4.3)
      System.Threading (>= 4.3)
      System.Threading.Tasks (>= 4.3)
      System.Threading.Timer (>= 4.3)
      System.Xml.ReaderWriter (>= 4.3)
      System.Xml.XDocument (>= 4.3)
    Microsoft.Bcl (1.1.10)
      Microsoft.Bcl.Build (>= 1.0.14)
    Microsoft.Bcl.Build (1.0.21) - import_targets: false
    Microsoft.Bot.Connector.DirectLine (3.0.0-beta)
      Microsoft.Rest.ClientRuntime (>= 2.3.2)
      Newtonsoft.Json (>= 9.0.1)
    Microsoft.Data.Edm (5.8.1)
    Microsoft.Data.OData (5.8.1)
      Microsoft.Data.Edm (5.8.1)
      System.Spatial (5.8.1)
    Microsoft.Data.Services.Client (5.8.1)
      Microsoft.Data.OData (5.8.1)
    Microsoft.Extensions.Configuration.Abstractions (1.0.2)
      Microsoft.Extensions.Primitives (>= 1.0.1)
      System.Linq (>= 4.1)
    Microsoft.Extensions.DependencyInjection (1.0.2)
      Microsoft.Extensions.DependencyInjection.Abstractions (>= 1.0.2)
      System.Collections (>= 4.0.11)
      System.Collections.Concurrent (>= 4.0.12)
      System.Runtime.Extensions (>= 4.1)
      System.Threading (>= 4.0.11)
      System.Threading.Tasks (>= 4.0.11)
    Microsoft.Extensions.DependencyInjection.Abstractions (1.1)
      NETStandard.Library (>= 1.6.1)
      System.ComponentModel (>= 4.3)
    Microsoft.Extensions.FileProviders.Abstractions (1.0.1)
      Microsoft.Extensions.Primitives (>= 1.0.1)
      System.IO (>= 4.1)
      System.Resources.ResourceManager (>= 4.0.1)
    Microsoft.Extensions.Logging (1.1.1)
      Microsoft.Extensions.DependencyInjection.Abstractions (>= 1.1)
      Microsoft.Extensions.Logging.Abstractions (>= 1.1.1)
      NETStandard.Library (>= 1.6.1)
    Microsoft.Extensions.Logging.Abstractions (1.1.1)
      NETStandard.Library (>= 1.6.1)
    Microsoft.Extensions.Options (1.0.2)
      Microsoft.Extensions.DependencyInjection.Abstractions (>= 1.0.2)
      Microsoft.Extensions.Primitives (>= 1.0.1)
      System.ComponentModel (>= 4.0.1)
      System.Diagnostics.Debug (>= 4.0.11)
      System.Globalization (>= 4.0.11)
      System.Linq (>= 4.1)
      System.Linq.Expressions (>= 4.1.1)
      System.Reflection (>= 4.1)
      System.Resources.ResourceManager (>= 4.0.1)
      System.Runtime.Extensions (>= 4.1)
      System.Threading (>= 4.0.11)
    Microsoft.Extensions.Primitives (1.0.1)
      System.Resources.ResourceManager (>= 4.0.1)
      System.Runtime (>= 4.1)
    Microsoft.IdentityModel.Logging (1.1.3)
    Microsoft.IdentityModel.Tokens (5.1.3)
      Microsoft.IdentityModel.Logging (>= 1.1.3)
      Newtonsoft.Json (>= 9.0.1)
    Microsoft.Net.Http (2.2.29)
      Microsoft.Bcl (>= 1.1.10)
      Microsoft.Bcl.Build (>= 1.0.14)
    Microsoft.NETCore.Platforms (1.1)
    Microsoft.Rest.ClientRuntime (2.3.3)
      Newtonsoft.Json (>= 6.0.8)
    Microsoft.Tpl.Dataflow (4.5.24)
    Microsoft.Win32.Primitives (4.3)
    Microsoft.WindowsAzure.ConfigurationManager (3.2.3)
    ncrontab (3.3)
    NETStandard.Library (2.0)
      Microsoft.NETCore.Platforms (>= 1.1)
    Newtonsoft.Json (9.0.1)
    protobuf-net (2.0.0.668)
    RestSharp (105.2.3)
    Sendgrid (8.0.5)
      Microsoft.AspNet.WebApi.Client (>= 5.2.3)
      Newtonsoft.Json (>= 9.0.1)
      SendGrid.CSharp.HTTP.Client (>= 3.0)
    SendGrid.CSharp.HTTP.Client (3.0)
    SendGrid.SmtpApi (1.3.1)
    StyleCop.Analyzers (1.1.0-beta001)
    System.AppContext (4.3)
    System.Buffers (4.0)
    System.Collections (4.3)
    System.Collections.Concurrent (4.3)
    System.Collections.Immutable (1.3.1)
    System.ComponentModel (4.3)
    System.Console (4.3)
    System.Diagnostics.Debug (4.3)
    System.Diagnostics.DiagnosticSource (4.4)
    System.Diagnostics.Tools (4.3)
    System.Diagnostics.Tracing (4.3)
    System.Globalization (4.3)
    System.Globalization.Calendars (4.3)
    System.IdentityModel.Tokens.Jwt (5.1.3)
      Microsoft.IdentityModel.Tokens (>= 5.1.3)
    System.IO (4.3)
    System.IO.Compression (4.3)
    System.IO.Compression.ZipFile (4.3)
    System.IO.FileSystem (4.3)
      System.IO.FileSystem.Primitives (>= 4.3)
    System.IO.FileSystem.Primitives (4.3)
    System.IO.UnmanagedMemoryStream (4.3)
      System.IO.FileSystem.Primitives (>= 4.3)
    System.Linq (4.3)
    System.Linq.Expressions (4.3)
    System.Net.Http (4.3.3)
      System.Security.Cryptography.X509Certificates (>= 4.3)
    System.Net.Primitives (4.3)
    System.Net.Sockets (4.3)
    System.ObjectModel (4.3)
    System.Reflection (4.3)
    System.Reflection.Extensions (4.3)
    System.Reflection.Primitives (4.3)
    System.Resources.ResourceManager (4.3)
    System.Runtime (4.3)
    System.Runtime.Extensions (4.3)
    System.Runtime.Handles (4.3)
    System.Runtime.InteropServices (4.3)
      System.Runtime (>= 4.3)
    System.Runtime.InteropServices.RuntimeInformation (4.3)
    System.Runtime.Numerics (4.3)
    System.Security.Cryptography.Algorithms (4.3)
      System.IO (>= 4.3)
      System.Runtime (>= 4.3)
      System.Security.Cryptography.Encoding (>= 4.3)
      System.Security.Cryptography.Primitives (>= 4.3)
    System.Security.Cryptography.Encoding (4.3)
    System.Security.Cryptography.Primitives (4.3)
    System.Security.Cryptography.X509Certificates (4.3)
      System.Security.Cryptography.Algorithms (>= 4.3)
      System.Security.Cryptography.Encoding (>= 4.3)
    System.Spatial (5.8.1)
    System.Text.Encoding (4.3)
    System.Text.Encoding.Extensions (4.3)
    System.Text.Encodings.Web (4.0)
    System.Text.RegularExpressions (4.3)
    System.Threading (4.3)
    System.Threading.Tasks (4.3)
    System.Threading.Timer (4.3)
    System.Xml.ReaderWriter (4.3)
    System.Xml.XDocument (4.3)
    Twilio (4.7.2)
      RestSharp (>= 105.2.2)
    WindowsAzure.ServiceBus (3.4.5)
    WindowsAzure.Storage (7.2.1)
      Microsoft.Azure.KeyVault.Core (>= 1.0)
      Microsoft.Data.OData (>= 5.6.4)
      Microsoft.Data.Services.Client (>= 5.6.4)
      Newtonsoft.Json (>= 6.0.8)
  remote: https://www.myget.org/F/azure-appservice/api/v2
    Microsoft.Azure.AppService.Proxy (1.0.0.1)
      Autofac (>= 4.2.1)
      EnterpriseLibrary.TransientFaultHandling (>= 6.0.1304)
      Microsoft.Extensions.Logging.Abstractions (>= 1.1.1)
      Microsoft.WindowsAzure.ConfigurationManager (>= 1.8)
      Newtonsoft.Json (>= 9.0.1)
      protobuf-net (>= 2.0.0.668)
      System.IO.FileSystem (>= 4.3)
      System.Runtime (>= 4.3)
      System.Security.Cryptography.Algorithms (>= 4.3)
      System.Security.Cryptography.Encoding (>= 4.3)
      System.Security.Cryptography.Primitives (>= 4.3)
      System.Security.Cryptography.X509Certificates (>= 4.3)
    Microsoft.Azure.WebJobs (2.2.0)
      Microsoft.Azure.WebJobs.Core (2.2)
      Microsoft.Extensions.Logging.Abstractions (>= 1.1.1)
      Newtonsoft.Json (>= 9.0.1)
      WindowsAzure.Storage (>= 7.2.1)
    Microsoft.Azure.WebJobs.Core (2.2.0)
    Microsoft.Azure.WebJobs.Extensions (2.2.0)
      Microsoft.Azure.WebJobs (>= 2.2)
      Microsoft.Tpl.Dataflow (>= 4.5.24)
      ncrontab (>= 3.3)
    Microsoft.Azure.WebJobs.Extensions.ApiHub (1.0.0-beta8)
      Microsoft.Azure.ApiHub.Sdk (>= 0.7.2-alpha)
      Microsoft.Azure.WebJobs.Extensions (>= 2.2)
    Microsoft.Azure.WebJobs.Extensions.DocumentDB (1.2.0)
      Microsoft.Azure.DocumentDB (>= 1.13.2)
      Microsoft.Azure.DocumentDB.ChangeFeedProcessor (>= 1.1.1)
      Microsoft.Azure.WebJobs.Extensions (>= 2.2)
    Microsoft.Azure.WebJobs.Extensions.EventGrid (1.0.0-beta3-10022)
      Microsoft.Azure.WebJobs (>= 2.1)
      Microsoft.Azure.WebJobs.Extensions (>= 2.1)
    Microsoft.Azure.WebJobs.Extensions.Http (1.1.0)
      Microsoft.AspNet.WebApi.Core (>= 5.2.3)
      Microsoft.Azure.WebJobs.Extensions (>= 2.2)
    Microsoft.Azure.WebJobs.Extensions.MobileApps (1.2.0)
      Microsoft.Azure.Mobile.Client (>= 3.1)
      Microsoft.Azure.WebJobs.Extensions (>= 2.2)
    Microsoft.Azure.WebJobs.Extensions.NotificationHubs (1.2.0)
      Microsoft.Azure.NotificationHubs (>= 1.0.7)
      Microsoft.Azure.WebJobs.Extensions (>= 2.2)
    Microsoft.Azure.WebJobs.Extensions.SendGrid (2.2.0)
      Microsoft.Azure.WebJobs.Extensions (>= 2.2)
      Sendgrid (>= 8.0.5 < 9.0)
    Microsoft.Azure.WebJobs.Extensions.Twilio (1.2.0)
      Microsoft.Azure.WebJobs.Extensions (>= 2.2)
      Twilio (>= 4.7.2)
    Microsoft.Azure.WebJobs.Logging (2.2.0)
      Newtonsoft.Json (>= 9.0.1)
      WindowsAzure.Storage (>= 7.2.1)
    Microsoft.Azure.WebJobs.Logging.ApplicationInsights (2.2.0)
      Microsoft.ApplicationInsights.WindowsServer (>= 2.4.1)
      Microsoft.Azure.WebJobs (2.2)
    Microsoft.Azure.WebJobs.ServiceBus (2.2.0)
      Microsoft.Azure.ServiceBus.EventProcessorHost (>= 2.2.10)
      Microsoft.Azure.WebJobs (2.2)
      Newtonsoft.Json (>= 9.0.1)
      WindowsAzure.ServiceBus (>= 3.4.5)
    Microsoft.Azure.WebSites.DataProtection (0.1.81-alpha)
      Microsoft.AspNetCore.DataProtection (>= 1.0.2)
      Microsoft.Extensions.DependencyInjection (>= 1.0.2)
      System.IdentityModel.Tokens.Jwt (>= 5.1.3)