
Microsoft Visual Studio Solution File, Format Version 12.00
# Visual Studio Version 17
VisualStudioVersion = 17.5.33627.172
MinimumVisualStudioVersion = 10.0.40219.1
Project("{9A19103F-16F7-4668-BE54-9A1E7A4F7556}") = "DotNetIsolated60", "DotNetIsolated60.csproj", "{1DA92227-F28E-408D-96B1-20C72571E4AE}"
EndProject
Project("{FAE04EC0-301F-11D3-BF4B-00C04F79EFBC}") = "DotNetIsolatedUnsupportedWorker", "..\DotNetIsolatedUnsupportedWorker\DotNetIsolatedUnsupportedWorker.csproj", "{3F15B936-6365-447E-9EC6-4E996B30C55F}"
EndProject
Global
	GlobalSection(SolutionConfigurationPlatforms) = preSolution
		Debug|Any CPU = Debug|Any CPU
		Release|Any CPU = Release|Any CPU
	EndGlobalSection
	GlobalSection(ProjectConfigurationPlatforms) = postSolution
		{1DA92227-F28E-408D-96B1-20C72571E4AE}.Debug|Any CPU.ActiveCfg = Debug|Any CPU
		{1DA92227-F28E-408D-96B1-20C72571E4AE}.Debug|Any CPU.Build.0 = Debug|Any CPU
		{1DA92227-F28E-408D-96B1-20C72571E4AE}.Release|Any CPU.ActiveCfg = Release|Any CPU
		{1DA92227-F28E-408D-96B1-20C72571E4AE}.Release|Any CPU.Build.0 = Release|Any CPU
		{3F15B936-6365-447E-9EC6-4E996B30C55F}.Debug|Any CPU.ActiveCfg = Debug|Any CPU
		{3F15B936-6365-447E-9EC6-4E996B30C55F}.Debug|Any CPU.Build.0 = Debug|Any CPU
		{3F15B936-6365-447E-9EC6-4E996B30C55F}.Release|Any CPU.ActiveCfg = Release|Any CPU
		{3F15B936-6365-447E-9EC6-4E996B30C55F}.Release|Any CPU.Build.0 = Release|Any CPU
	EndGlobalSection
	GlobalSection(SolutionProperties) = preSolution
		HideSolutionNode = FALSE
	EndGlobalSection
	GlobalSection(ExtensibilityGlobals) = postSolution
		SolutionGuid = {2AC2402B-48F8-46BF-B275-AEDFE2400EB6}
	EndGlobalSection
EndGlobal
